
Microsoft Visual Studio Solution File, Format Version 12.00
# Visual Studio Version 18
VisualStudioVersion = 18.0.11205.157
MinimumVisualStudioVersion = 10.0.40219.1
Project("{2150E333-8FDC-42A3-9474-1A3956D46DE8}") = "src", "src", "{827E0CD3-B72D-47B6-A68D-7590B98EB39B}"
EndProject
Project("{FAE04EC0-301F-11D3-BF4B-00C04F79EFBC}") = "AchieveAi.LmDotnetTools.LmCore", "src\LmCore\AchieveAi.LmDotnetTools.LmCore.csproj", "{83AE265D-9459-9163-A27E-A50CDA92A54D}"
EndProject
Project("{2150E333-8FDC-42A3-9474-1A3956D46DE8}") = "OpenAIProvider", "OpenAIProvider", "{13D2B465-A242-FF76-2C30-D814A6782D15}"
EndProject
Project("{FAE04EC0-301F-11D3-BF4B-00C04F79EFBC}") = "AchieveAi.LmDotnetTools.OpenAIProvider", "src\OpenAIProvider\AchieveAi.LmDotnetTools.OpenAIProvider.csproj", "{1F377B66-D7B8-4438-AB5B-7405ECADB6EA}"
EndProject
Project("{2150E333-8FDC-42A3-9474-1A3956D46DE8}") = "tests", "tests", "{0AB3BF05-4346-4AA6-1389-037BE0695223}"
EndProject
Project("{2150E333-8FDC-42A3-9474-1A3956D46DE8}") = "LmCore.Tests", "LmCore.Tests", "{92CED838-3363-CF0B-342A-625DC841CA7D}"
EndProject
Project("{FAE04EC0-301F-11D3-BF4B-00C04F79EFBC}") = "AchieveAi.LmDotnetTools.LmCore.Tests", "tests\LmCore.Tests\AchieveAi.LmDotnetTools.LmCore.Tests.csproj", "{1DE065BA-E1AF-4D1D-BB98-FBEA12981919}"
EndProject
Project("{FAE04EC0-301F-11D3-BF4B-00C04F79EFBC}") = "OpenAIProvider.Tests", "tests\OpenAIProvider.Tests\OpenAIProvider.Tests.csproj", "{2686533C-2934-4AD5-85ED-96263B399F66}"
EndProject
Project("{2150E333-8FDC-42A3-9474-1A3956D46DE8}") = "McpMiddleware", "McpMiddleware", "{8BE56B4D-B8C4-4F3F-6DA4-D3D8537CFF0B}"
EndProject
Project("{FAE04EC0-301F-11D3-BF4B-00C04F79EFBC}") = "AchieveAi.LmDotnetTools.McpMiddleware", "src\McpMiddleware\AchieveAi.LmDotnetTools.McpMiddleware.csproj", "{B9B26D30-0278-407C-8863-5499A4EBE466}"
EndProject
Project("{2150E333-8FDC-42A3-9474-1A3956D46DE8}") = "McpSampleServer", "McpSampleServer", "{70E65890-0144-8D95-5C0C-BA429F41C73A}"
EndProject
Project("{FAE04EC0-301F-11D3-BF4B-00C04F79EFBC}") = "AchieveAi.LmDotnetTools.McpSampleServer", "src\McpSampleServer\AchieveAi.LmDotnetTools.McpSampleServer.csproj", "{25DE5B9B-464D-4893-98B0-3C7826DE99E2}"
EndProject
Project("{FAE04EC0-301F-11D3-BF4B-00C04F79EFBC}") = "McpIntegrationTests", "tests\McpIntegrationTests\McpIntegrationTests.csproj", "{37BDF37C-1C15-48E9-A986-523D0F85ABC3}"
EndProject
Project("{2150E333-8FDC-42A3-9474-1A3956D46DE8}") = "TestUtils", "TestUtils", "{FA86982B-ECE9-C617-B151-8DEE7FCF49E0}"
EndProject
Project("{FAE04EC0-301F-11D3-BF4B-00C04F79EFBC}") = "AchieveAi.LmDotnetTools.TestUtils", "tests\TestUtils\AchieveAi.LmDotnetTools.TestUtils.csproj", "{47A129F8-464E-4EA0-BDEB-FCCCB4A41E68}"
EndProject
Project("{2150E333-8FDC-42A3-9474-1A3956D46DE8}") = "example", "example", "{1D587995-D2B1-D47C-23B4-E8E972FA15E9}"
EndProject
Project("{FAE04EC0-301F-11D3-BF4B-00C04F79EFBC}") = "ExamplePythonMCPClient", "example\ExamplePythonMCPClient\ExamplePythonMCPClient.csproj", "{6EE996B1-2A06-4D45-AE49-DC305C28FA48}"
EndProject
Project("{FAE04EC0-301F-11D3-BF4B-00C04F79EFBC}") = "LmConfigUsageExample", "example\LmConfigUsageExample\LmConfigUsageExample.csproj", "{8A7B6C5D-4E3F-2A1B-9C8D-7E6F5A4B3C2D}"
EndProject
Project("{2150E333-8FDC-42A3-9474-1A3956D46DE8}") = "AnthropicProvider", "AnthropicProvider", "{343224AD-B156-E81A-DB90-2C896362DF49}"
EndProject
Project("{FAE04EC0-301F-11D3-BF4B-00C04F79EFBC}") = "AchieveAi.LmDotnetTools.AnthropicProvider", "src\AnthropicProvider\AchieveAi.LmDotnetTools.AnthropicProvider.csproj", "{88F73062-CEB8-4886-B9EB-5C34808F63AE}"
EndProject
Project("{FAE04EC0-301F-11D3-BF4B-00C04F79EFBC}") = "AnthropicProvider.Tests", "tests\AnthropicProvider.Tests\AnthropicProvider.Tests.csproj", "{54A28BBD-4581-4FAB-A59F-D6462270F811}"
EndProject
Project("{FAE04EC0-301F-11D3-BF4B-00C04F79EFBC}") = "AchieveAi.LmDotnetTools.Misc", "src\Misc\AchieveAi.LmDotnetTools.Misc.csproj", "{699025FD-F5EB-457F-A99C-4170590D8AED}"
EndProject
Project("{2150E333-8FDC-42A3-9474-1A3956D46DE8}") = "McpServers", "McpServers", "{F810A94A-2D4C-AF00-250D-C2F01644971D}"
EndProject
Project("{2150E333-8FDC-42A3-9474-1A3956D46DE8}") = "Memory", "Memory", "{DFB9E54A-589E-BC85-2E6B-BA0215427542}"
EndProject
Project("{FAE04EC0-301F-11D3-BF4B-00C04F79EFBC}") = "MemoryServer", "McpServers\Memory\MemoryServer\MemoryServer.csproj", "{8F9AB37D-0735-4E78-BAFB-3EF73EDE80E7}"
EndProject
Project("{FAE04EC0-301F-11D3-BF4B-00C04F79EFBC}") = "MemoryServer.Tests", "tests\MemoryServer.Tests\MemoryServer.Tests.csproj", "{94C5B8B9-16E3-4FF4-B453-68150C12C81D}"
EndProject
Project("{2150E333-8FDC-42A3-9474-1A3956D46DE8}") = "LmEmbeddings", "LmEmbeddings", "{A1B2C3D4-E5F6-7890-ABCD-EF1234567890}"
EndProject
Project("{FAE04EC0-301F-11D3-BF4B-00C04F79EFBC}") = "AchieveAi.LmDotnetTools.LmEmbeddings", "src\LmEmbeddings\AchieveAi.LmDotnetTools.LmEmbeddings.csproj", "{B2C3D4E5-F6A7-8901-BCDE-F23456789012}"
EndProject
Project("{FAE04EC0-301F-11D3-BF4B-00C04F79EFBC}") = "AchieveAi.LmDotnetTools.LmEmbeddings.Tests", "tests\LmEmbeddings.Tests\AchieveAi.LmDotnetTools.LmEmbeddings.Tests.csproj", "{C3D4E5F6-A7B8-9012-CDEF-345678901234}"
EndProject
Project("{2150E333-8FDC-42A3-9474-1A3956D46DE8}") = "LmConfig", "LmConfig", "{A238E06B-87D0-D7BD-2D86-1CC2A7E85580}"
EndProject
Project("{FAE04EC0-301F-11D3-BF4B-00C04F79EFBC}") = "AchieveAi.LmDotnetTools.LmConfig", "src\LmConfig\AchieveAi.LmDotnetTools.LmConfig.csproj", "{6FFB38BF-4545-4134-8D6F-7E50523ED4C0}"
EndProject
Project("{FAE04EC0-301F-11D3-BF4B-00C04F79EFBC}") = "LmTestUtils", "src\LmTestUtils\LmTestUtils.csproj", "{F39B9CFF-B32B-42CB-92A0-1DBD0D8909EF}"
EndProject
Project("{FAE04EC0-301F-11D3-BF4B-00C04F79EFBC}") = "LmTestUtils.Tests", "tests\LmTestUtils.Tests\LmTestUtils.Tests.csproj", "{85CF072D-CB30-4579-85FA-0BDA096B0DB1}"
EndProject
Project("{2150E333-8FDC-42A3-9474-1A3956D46DE8}") = "Tools", "Tools", "{F9E67844-93F8-4F2F-8F6A-2C8D3E4B5A7F}"
EndProject
Project("{FAE04EC0-301F-11D3-BF4B-00C04F79EFBC}") = "ModelConfigGenerator", "src\Tools\ModelConfigGenerator\ModelConfigGenerator.csproj", "{1DAF140A-F457-447D-9B01-05F009EF3879}"
EndProject
Project("{FAE04EC0-301F-11D3-BF4B-00C04F79EFBC}") = "ModelConfigGenerator.Tests", "tests\ModelConfigGenerator.Tests\ModelConfigGenerator.Tests.csproj", "{DFC33BF8-71D2-4567-A7D2-6CC3E652D77D}"
EndProject
Project("{2150E333-8FDC-42A3-9474-1A3956D46DE8}") = "Solution Items", "Solution Items", "{C9FFAEBB-7C2F-45E9-8D08-85ECA258009E}"
	ProjectSection(SolutionItems) = preProject
		.editorconfig = .editorconfig
	EndProjectSection
EndProject
Project("{2150E333-8FDC-42A3-9474-1A3956D46DE8}") = "ClaudeAgentSdkProvider", "ClaudeAgentSdkProvider", "{E93B1AF3-9550-FACD-9502-3D3D71A7DA53}"
EndProject
Project("{FAE04EC0-301F-11D3-BF4B-00C04F79EFBC}") = "AchieveAi.LmDotnetTools.ClaudeAgentSdkProvider", "src\ClaudeAgentSdkProvider\AchieveAi.LmDotnetTools.ClaudeAgentSdkProvider.csproj", "{54359AEB-10BB-42D2-B6CF-7311AE0E0676}"
EndProject
Project("{FAE04EC0-301F-11D3-BF4B-00C04F79EFBC}") = "ClaudeAgentSdkProvider.Tests", "tests\ClaudeAgentSdkProvider.Tests\ClaudeAgentSdkProvider.Tests.csproj", "{FD460F67-AAB3-4CFC-A48A-79CDC633F447}"
EndProject
Project("{FAE04EC0-301F-11D3-BF4B-00C04F79EFBC}") = "AchieveAi.LmDotnetTools.LmMultiTurn", "src\LmMultiTurn\AchieveAi.LmDotnetTools.LmMultiTurn.csproj", "{9C6D8A8C-0AFE-4C67-89FC-17C504335C65}"
EndProject
Project("{FAE04EC0-301F-11D3-BF4B-00C04F79EFBC}") = "LmMultiTurn.Tests", "tests\LmMultiTurn.Tests\LmMultiTurn.Tests.csproj", "{EF6CDB1E-6C4B-4F96-8D87-F1D4CF13E7E5}"
EndProject
Project("{2150E333-8FDC-42A3-9474-1A3956D46DE8}") = "LmStreaming", "LmStreaming", "{CE6EECFA-7D8E-0287-3DF4-00E823846820}"
EndProject
Project("{FAE04EC0-301F-11D3-BF4B-00C04F79EFBC}") = "AchieveAi.LmDotnetTools.LmStreaming.AspNetCore", "src\LmStreaming.AspNetCore\AchieveAi.LmDotnetTools.LmStreaming.AspNetCore.csproj", "{A76B332A-2606-4079-A12E-9277B2C4CFE1}"
EndProject
Project("{2150E333-8FDC-42A3-9474-1A3956D46DE8}") = "samples", "samples", "{5D20AA90-6969-D8BD-9DCD-8634F4692FDA}"
EndProject
Project("{FAE04EC0-301F-11D3-BF4B-00C04F79EFBC}") = "LmStreaming.Sample", "samples\LmStreaming.Sample\LmStreaming.Sample.csproj", "{1C6318FB-5677-4F47-A942-CAC785C15940}"
EndProject
Project("{FAE04EC0-301F-11D3-BF4B-00C04F79EFBC}") = "LmStreaming.AspNetCore.Tests", "tests\LmStreaming.AspNetCore.Tests\LmStreaming.AspNetCore.Tests.csproj", "{A687CC23-5672-41F0-8570-498C3405284B}"
EndProject
Project("{FAE04EC0-301F-11D3-BF4B-00C04F79EFBC}") = "LmStreaming.Sample.Tests", "tests\LmStreaming.Sample.Tests\LmStreaming.Sample.Tests.csproj", "{D39A92F4-3237-4E9F-9D5D-F39FDDBD8B85}"
EndProject
Project("{2150E333-8FDC-42A3-9474-1A3956D46DE8}") = "CodexSdkProvider", "CodexSdkProvider", "{27A0631E-3E77-5362-D811-13EA15435021}"
EndProject
Project("{FAE04EC0-301F-11D3-BF4B-00C04F79EFBC}") = "AchieveAi.LmDotnetTools.CodexSdkProvider", "src\CodexSdkProvider\AchieveAi.LmDotnetTools.CodexSdkProvider.csproj", "{6EA88D0D-C70E-402D-B98C-0B6C490E0A1D}"
EndProject
Project("{FAE04EC0-301F-11D3-BF4B-00C04F79EFBC}") = "CodexSdkProvider.Tests", "tests\CodexSdkProvider.Tests\CodexSdkProvider.Tests.csproj", "{D95B1ABC-1DE7-4FF1-AE40-2FE1728DD94D}"
EndProject
Global
	GlobalSection(SolutionConfigurationPlatforms) = preSolution
		Debug|Any CPU = Debug|Any CPU
		Debug|x64 = Debug|x64
		Debug|x86 = Debug|x86
		Release|Any CPU = Release|Any CPU
		Release|x64 = Release|x64
		Release|x86 = Release|x86
	EndGlobalSection
	GlobalSection(ProjectConfigurationPlatforms) = postSolution
		{83AE265D-9459-9163-A27E-A50CDA92A54D}.Debug|Any CPU.ActiveCfg = Debug|Any CPU
		{83AE265D-9459-9163-A27E-A50CDA92A54D}.Debug|Any CPU.Build.0 = Debug|Any CPU
		{83AE265D-9459-9163-A27E-A50CDA92A54D}.Debug|x64.ActiveCfg = Debug|Any CPU
		{83AE265D-9459-9163-A27E-A50CDA92A54D}.Debug|x64.Build.0 = Debug|Any CPU
		{83AE265D-9459-9163-A27E-A50CDA92A54D}.Debug|x86.ActiveCfg = Debug|Any CPU
		{83AE265D-9459-9163-A27E-A50CDA92A54D}.Debug|x86.Build.0 = Debug|Any CPU
		{83AE265D-9459-9163-A27E-A50CDA92A54D}.Release|Any CPU.ActiveCfg = Release|Any CPU
		{83AE265D-9459-9163-A27E-A50CDA92A54D}.Release|Any CPU.Build.0 = Release|Any CPU
		{83AE265D-9459-9163-A27E-A50CDA92A54D}.Release|x64.ActiveCfg = Release|Any CPU
		{83AE265D-9459-9163-A27E-A50CDA92A54D}.Release|x64.Build.0 = Release|Any CPU
		{83AE265D-9459-9163-A27E-A50CDA92A54D}.Release|x86.ActiveCfg = Release|Any CPU
		{83AE265D-9459-9163-A27E-A50CDA92A54D}.Release|x86.Build.0 = Release|Any CPU
		{1F377B66-D7B8-4438-AB5B-7405ECADB6EA}.Debug|Any CPU.ActiveCfg = Debug|Any CPU
		{1F377B66-D7B8-4438-AB5B-7405ECADB6EA}.Debug|Any CPU.Build.0 = Debug|Any CPU
		{1F377B66-D7B8-4438-AB5B-7405ECADB6EA}.Debug|x64.ActiveCfg = Debug|Any CPU
		{1F377B66-D7B8-4438-AB5B-7405ECADB6EA}.Debug|x64.Build.0 = Debug|Any CPU
		{1F377B66-D7B8-4438-AB5B-7405ECADB6EA}.Debug|x86.ActiveCfg = Debug|Any CPU
		{1F377B66-D7B8-4438-AB5B-7405ECADB6EA}.Debug|x86.Build.0 = Debug|Any CPU
		{1F377B66-D7B8-4438-AB5B-7405ECADB6EA}.Release|Any CPU.ActiveCfg = Release|Any CPU
		{1F377B66-D7B8-4438-AB5B-7405ECADB6EA}.Release|Any CPU.Build.0 = Release|Any CPU
		{1F377B66-D7B8-4438-AB5B-7405ECADB6EA}.Release|x64.ActiveCfg = Release|Any CPU
		{1F377B66-D7B8-4438-AB5B-7405ECADB6EA}.Release|x64.Build.0 = Release|Any CPU
		{1F377B66-D7B8-4438-AB5B-7405ECADB6EA}.Release|x86.ActiveCfg = Release|Any CPU
		{1F377B66-D7B8-4438-AB5B-7405ECADB6EA}.Release|x86.Build.0 = Release|Any CPU
		{1DE065BA-E1AF-4D1D-BB98-FBEA12981919}.Debug|Any CPU.ActiveCfg = Debug|Any CPU
		{1DE065BA-E1AF-4D1D-BB98-FBEA12981919}.Debug|Any CPU.Build.0 = Debug|Any CPU
		{1DE065BA-E1AF-4D1D-BB98-FBEA12981919}.Debug|x64.ActiveCfg = Debug|Any CPU
		{1DE065BA-E1AF-4D1D-BB98-FBEA12981919}.Debug|x64.Build.0 = Debug|Any CPU
		{1DE065BA-E1AF-4D1D-BB98-FBEA12981919}.Debug|x86.ActiveCfg = Debug|Any CPU
		{1DE065BA-E1AF-4D1D-BB98-FBEA12981919}.Debug|x86.Build.0 = Debug|Any CPU
		{1DE065BA-E1AF-4D1D-BB98-FBEA12981919}.Release|Any CPU.ActiveCfg = Release|Any CPU
		{1DE065BA-E1AF-4D1D-BB98-FBEA12981919}.Release|Any CPU.Build.0 = Release|Any CPU
		{1DE065BA-E1AF-4D1D-BB98-FBEA12981919}.Release|x64.ActiveCfg = Release|Any CPU
		{1DE065BA-E1AF-4D1D-BB98-FBEA12981919}.Release|x64.Build.0 = Release|Any CPU
		{1DE065BA-E1AF-4D1D-BB98-FBEA12981919}.Release|x86.ActiveCfg = Release|Any CPU
		{1DE065BA-E1AF-4D1D-BB98-FBEA12981919}.Release|x86.Build.0 = Release|Any CPU
		{2686533C-2934-4AD5-85ED-96263B399F66}.Debug|Any CPU.ActiveCfg = Debug|Any CPU
		{2686533C-2934-4AD5-85ED-96263B399F66}.Debug|Any CPU.Build.0 = Debug|Any CPU
		{2686533C-2934-4AD5-85ED-96263B399F66}.Debug|x64.ActiveCfg = Debug|Any CPU
		{2686533C-2934-4AD5-85ED-96263B399F66}.Debug|x64.Build.0 = Debug|Any CPU
		{2686533C-2934-4AD5-85ED-96263B399F66}.Debug|x86.ActiveCfg = Debug|Any CPU
		{2686533C-2934-4AD5-85ED-96263B399F66}.Debug|x86.Build.0 = Debug|Any CPU
		{2686533C-2934-4AD5-85ED-96263B399F66}.Release|Any CPU.ActiveCfg = Release|Any CPU
		{2686533C-2934-4AD5-85ED-96263B399F66}.Release|Any CPU.Build.0 = Release|Any CPU
		{2686533C-2934-4AD5-85ED-96263B399F66}.Release|x64.ActiveCfg = Release|Any CPU
		{2686533C-2934-4AD5-85ED-96263B399F66}.Release|x64.Build.0 = Release|Any CPU
		{2686533C-2934-4AD5-85ED-96263B399F66}.Release|x86.ActiveCfg = Release|Any CPU
		{2686533C-2934-4AD5-85ED-96263B399F66}.Release|x86.Build.0 = Release|Any CPU
		{B9B26D30-0278-407C-8863-5499A4EBE466}.Debug|Any CPU.ActiveCfg = Debug|Any CPU
		{B9B26D30-0278-407C-8863-5499A4EBE466}.Debug|Any CPU.Build.0 = Debug|Any CPU
		{B9B26D30-0278-407C-8863-5499A4EBE466}.Debug|x64.ActiveCfg = Debug|Any CPU
		{B9B26D30-0278-407C-8863-5499A4EBE466}.Debug|x64.Build.0 = Debug|Any CPU
		{B9B26D30-0278-407C-8863-5499A4EBE466}.Debug|x86.ActiveCfg = Debug|Any CPU
		{B9B26D30-0278-407C-8863-5499A4EBE466}.Debug|x86.Build.0 = Debug|Any CPU
		{B9B26D30-0278-407C-8863-5499A4EBE466}.Release|Any CPU.ActiveCfg = Release|Any CPU
		{B9B26D30-0278-407C-8863-5499A4EBE466}.Release|Any CPU.Build.0 = Release|Any CPU
		{B9B26D30-0278-407C-8863-5499A4EBE466}.Release|x64.ActiveCfg = Release|Any CPU
		{B9B26D30-0278-407C-8863-5499A4EBE466}.Release|x64.Build.0 = Release|Any CPU
		{B9B26D30-0278-407C-8863-5499A4EBE466}.Release|x86.ActiveCfg = Release|Any CPU
		{B9B26D30-0278-407C-8863-5499A4EBE466}.Release|x86.Build.0 = Release|Any CPU
		{25DE5B9B-464D-4893-98B0-3C7826DE99E2}.Debug|Any CPU.ActiveCfg = Debug|Any CPU
		{25DE5B9B-464D-4893-98B0-3C7826DE99E2}.Debug|Any CPU.Build.0 = Debug|Any CPU
		{25DE5B9B-464D-4893-98B0-3C7826DE99E2}.Debug|x64.ActiveCfg = Debug|Any CPU
		{25DE5B9B-464D-4893-98B0-3C7826DE99E2}.Debug|x64.Build.0 = Debug|Any CPU
		{25DE5B9B-464D-4893-98B0-3C7826DE99E2}.Debug|x86.ActiveCfg = Debug|Any CPU
		{25DE5B9B-464D-4893-98B0-3C7826DE99E2}.Debug|x86.Build.0 = Debug|Any CPU
		{25DE5B9B-464D-4893-98B0-3C7826DE99E2}.Release|Any CPU.ActiveCfg = Release|Any CPU
		{25DE5B9B-464D-4893-98B0-3C7826DE99E2}.Release|Any CPU.Build.0 = Release|Any CPU
		{25DE5B9B-464D-4893-98B0-3C7826DE99E2}.Release|x64.ActiveCfg = Release|Any CPU
		{25DE5B9B-464D-4893-98B0-3C7826DE99E2}.Release|x64.Build.0 = Release|Any CPU
		{25DE5B9B-464D-4893-98B0-3C7826DE99E2}.Release|x86.ActiveCfg = Release|Any CPU
		{25DE5B9B-464D-4893-98B0-3C7826DE99E2}.Release|x86.Build.0 = Release|Any CPU
		{37BDF37C-1C15-48E9-A986-523D0F85ABC3}.Debug|Any CPU.ActiveCfg = Debug|Any CPU
		{37BDF37C-1C15-48E9-A986-523D0F85ABC3}.Debug|Any CPU.Build.0 = Debug|Any CPU
		{37BDF37C-1C15-48E9-A986-523D0F85ABC3}.Debug|x64.ActiveCfg = Debug|Any CPU
		{37BDF37C-1C15-48E9-A986-523D0F85ABC3}.Debug|x64.Build.0 = Debug|Any CPU
		{37BDF37C-1C15-48E9-A986-523D0F85ABC3}.Debug|x86.ActiveCfg = Debug|Any CPU
		{37BDF37C-1C15-48E9-A986-523D0F85ABC3}.Debug|x86.Build.0 = Debug|Any CPU
		{37BDF37C-1C15-48E9-A986-523D0F85ABC3}.Release|Any CPU.ActiveCfg = Release|Any CPU
		{37BDF37C-1C15-48E9-A986-523D0F85ABC3}.Release|Any CPU.Build.0 = Release|Any CPU
		{37BDF37C-1C15-48E9-A986-523D0F85ABC3}.Release|x64.ActiveCfg = Release|Any CPU
		{37BDF37C-1C15-48E9-A986-523D0F85ABC3}.Release|x64.Build.0 = Release|Any CPU
		{37BDF37C-1C15-48E9-A986-523D0F85ABC3}.Release|x86.ActiveCfg = Release|Any CPU
		{37BDF37C-1C15-48E9-A986-523D0F85ABC3}.Release|x86.Build.0 = Release|Any CPU
		{47A129F8-464E-4EA0-BDEB-FCCCB4A41E68}.Debug|Any CPU.ActiveCfg = Debug|Any CPU
		{47A129F8-464E-4EA0-BDEB-FCCCB4A41E68}.Debug|Any CPU.Build.0 = Debug|Any CPU
		{47A129F8-464E-4EA0-BDEB-FCCCB4A41E68}.Debug|x64.ActiveCfg = Debug|Any CPU
		{47A129F8-464E-4EA0-BDEB-FCCCB4A41E68}.Debug|x64.Build.0 = Debug|Any CPU
		{47A129F8-464E-4EA0-BDEB-FCCCB4A41E68}.Debug|x86.ActiveCfg = Debug|Any CPU
		{47A129F8-464E-4EA0-BDEB-FCCCB4A41E68}.Debug|x86.Build.0 = Debug|Any CPU
		{47A129F8-464E-4EA0-BDEB-FCCCB4A41E68}.Release|Any CPU.ActiveCfg = Release|Any CPU
		{47A129F8-464E-4EA0-BDEB-FCCCB4A41E68}.Release|Any CPU.Build.0 = Release|Any CPU
		{47A129F8-464E-4EA0-BDEB-FCCCB4A41E68}.Release|x64.ActiveCfg = Release|Any CPU
		{47A129F8-464E-4EA0-BDEB-FCCCB4A41E68}.Release|x64.Build.0 = Release|Any CPU
		{47A129F8-464E-4EA0-BDEB-FCCCB4A41E68}.Release|x86.ActiveCfg = Release|Any CPU
		{47A129F8-464E-4EA0-BDEB-FCCCB4A41E68}.Release|x86.Build.0 = Release|Any CPU
		{6EE996B1-2A06-4D45-AE49-DC305C28FA48}.Debug|Any CPU.ActiveCfg = Debug|Any CPU
		{6EE996B1-2A06-4D45-AE49-DC305C28FA48}.Debug|Any CPU.Build.0 = Debug|Any CPU
		{6EE996B1-2A06-4D45-AE49-DC305C28FA48}.Debug|x64.ActiveCfg = Debug|Any CPU
		{6EE996B1-2A06-4D45-AE49-DC305C28FA48}.Debug|x64.Build.0 = Debug|Any CPU
		{6EE996B1-2A06-4D45-AE49-DC305C28FA48}.Debug|x86.ActiveCfg = Debug|Any CPU
		{6EE996B1-2A06-4D45-AE49-DC305C28FA48}.Debug|x86.Build.0 = Debug|Any CPU
		{6EE996B1-2A06-4D45-AE49-DC305C28FA48}.Release|Any CPU.ActiveCfg = Release|Any CPU
		{6EE996B1-2A06-4D45-AE49-DC305C28FA48}.Release|Any CPU.Build.0 = Release|Any CPU
		{6EE996B1-2A06-4D45-AE49-DC305C28FA48}.Release|x64.ActiveCfg = Release|Any CPU
		{6EE996B1-2A06-4D45-AE49-DC305C28FA48}.Release|x64.Build.0 = Release|Any CPU
		{6EE996B1-2A06-4D45-AE49-DC305C28FA48}.Release|x86.ActiveCfg = Release|Any CPU
		{6EE996B1-2A06-4D45-AE49-DC305C28FA48}.Release|x86.Build.0 = Release|Any CPU
		{8A7B6C5D-4E3F-2A1B-9C8D-7E6F5A4B3C2D}.Debug|Any CPU.ActiveCfg = Debug|Any CPU
		{8A7B6C5D-4E3F-2A1B-9C8D-7E6F5A4B3C2D}.Debug|Any CPU.Build.0 = Debug|Any CPU
		{8A7B6C5D-4E3F-2A1B-9C8D-7E6F5A4B3C2D}.Debug|x64.ActiveCfg = Debug|Any CPU
		{8A7B6C5D-4E3F-2A1B-9C8D-7E6F5A4B3C2D}.Debug|x64.Build.0 = Debug|Any CPU
		{8A7B6C5D-4E3F-2A1B-9C8D-7E6F5A4B3C2D}.Debug|x86.ActiveCfg = Debug|Any CPU
		{8A7B6C5D-4E3F-2A1B-9C8D-7E6F5A4B3C2D}.Debug|x86.Build.0 = Debug|Any CPU
		{8A7B6C5D-4E3F-2A1B-9C8D-7E6F5A4B3C2D}.Release|Any CPU.ActiveCfg = Release|Any CPU
		{8A7B6C5D-4E3F-2A1B-9C8D-7E6F5A4B3C2D}.Release|Any CPU.Build.0 = Release|Any CPU
		{8A7B6C5D-4E3F-2A1B-9C8D-7E6F5A4B3C2D}.Release|x64.ActiveCfg = Release|Any CPU
		{8A7B6C5D-4E3F-2A1B-9C8D-7E6F5A4B3C2D}.Release|x64.Build.0 = Release|Any CPU
		{8A7B6C5D-4E3F-2A1B-9C8D-7E6F5A4B3C2D}.Release|x86.ActiveCfg = Release|Any CPU
		{8A7B6C5D-4E3F-2A1B-9C8D-7E6F5A4B3C2D}.Release|x86.Build.0 = Release|Any CPU
		{88F73062-CEB8-4886-B9EB-5C34808F63AE}.Debug|Any CPU.ActiveCfg = Debug|Any CPU
		{88F73062-CEB8-4886-B9EB-5C34808F63AE}.Debug|Any CPU.Build.0 = Debug|Any CPU
		{88F73062-CEB8-4886-B9EB-5C34808F63AE}.Debug|x64.ActiveCfg = Debug|Any CPU
		{88F73062-CEB8-4886-B9EB-5C34808F63AE}.Debug|x64.Build.0 = Debug|Any CPU
		{88F73062-CEB8-4886-B9EB-5C34808F63AE}.Debug|x86.ActiveCfg = Debug|Any CPU
		{88F73062-CEB8-4886-B9EB-5C34808F63AE}.Debug|x86.Build.0 = Debug|Any CPU
		{88F73062-CEB8-4886-B9EB-5C34808F63AE}.Release|Any CPU.ActiveCfg = Release|Any CPU
		{88F73062-CEB8-4886-B9EB-5C34808F63AE}.Release|Any CPU.Build.0 = Release|Any CPU
		{88F73062-CEB8-4886-B9EB-5C34808F63AE}.Release|x64.ActiveCfg = Release|Any CPU
		{88F73062-CEB8-4886-B9EB-5C34808F63AE}.Release|x64.Build.0 = Release|Any CPU
		{88F73062-CEB8-4886-B9EB-5C34808F63AE}.Release|x86.ActiveCfg = Release|Any CPU
		{88F73062-CEB8-4886-B9EB-5C34808F63AE}.Release|x86.Build.0 = Release|Any CPU
		{54A28BBD-4581-4FAB-A59F-D6462270F811}.Debug|Any CPU.ActiveCfg = Debug|Any CPU
		{54A28BBD-4581-4FAB-A59F-D6462270F811}.Debug|Any CPU.Build.0 = Debug|Any CPU
		{54A28BBD-4581-4FAB-A59F-D6462270F811}.Debug|x64.ActiveCfg = Debug|Any CPU
		{54A28BBD-4581-4FAB-A59F-D6462270F811}.Debug|x64.Build.0 = Debug|Any CPU
		{54A28BBD-4581-4FAB-A59F-D6462270F811}.Debug|x86.ActiveCfg = Debug|Any CPU
		{54A28BBD-4581-4FAB-A59F-D6462270F811}.Debug|x86.Build.0 = Debug|Any CPU
		{54A28BBD-4581-4FAB-A59F-D6462270F811}.Release|Any CPU.ActiveCfg = Release|Any CPU
		{54A28BBD-4581-4FAB-A59F-D6462270F811}.Release|Any CPU.Build.0 = Release|Any CPU
		{54A28BBD-4581-4FAB-A59F-D6462270F811}.Release|x64.ActiveCfg = Release|Any CPU
		{54A28BBD-4581-4FAB-A59F-D6462270F811}.Release|x64.Build.0 = Release|Any CPU
		{54A28BBD-4581-4FAB-A59F-D6462270F811}.Release|x86.ActiveCfg = Release|Any CPU
		{54A28BBD-4581-4FAB-A59F-D6462270F811}.Release|x86.Build.0 = Release|Any CPU
		{699025FD-F5EB-457F-A99C-4170590D8AED}.Debug|Any CPU.ActiveCfg = Debug|Any CPU
		{699025FD-F5EB-457F-A99C-4170590D8AED}.Debug|Any CPU.Build.0 = Debug|Any CPU
		{699025FD-F5EB-457F-A99C-4170590D8AED}.Debug|x64.ActiveCfg = Debug|Any CPU
		{699025FD-F5EB-457F-A99C-4170590D8AED}.Debug|x64.Build.0 = Debug|Any CPU
		{699025FD-F5EB-457F-A99C-4170590D8AED}.Debug|x86.ActiveCfg = Debug|Any CPU
		{699025FD-F5EB-457F-A99C-4170590D8AED}.Debug|x86.Build.0 = Debug|Any CPU
		{699025FD-F5EB-457F-A99C-4170590D8AED}.Release|Any CPU.ActiveCfg = Release|Any CPU
		{699025FD-F5EB-457F-A99C-4170590D8AED}.Release|Any CPU.Build.0 = Release|Any CPU
		{699025FD-F5EB-457F-A99C-4170590D8AED}.Release|x64.ActiveCfg = Release|Any CPU
		{699025FD-F5EB-457F-A99C-4170590D8AED}.Release|x64.Build.0 = Release|Any CPU
		{699025FD-F5EB-457F-A99C-4170590D8AED}.Release|x86.ActiveCfg = Release|Any CPU
		{699025FD-F5EB-457F-A99C-4170590D8AED}.Release|x86.Build.0 = Release|Any CPU
		{8F9AB37D-0735-4E78-BAFB-3EF73EDE80E7}.Debug|Any CPU.ActiveCfg = Debug|Any CPU
		{8F9AB37D-0735-4E78-BAFB-3EF73EDE80E7}.Debug|Any CPU.Build.0 = Debug|Any CPU
		{8F9AB37D-0735-4E78-BAFB-3EF73EDE80E7}.Debug|x64.ActiveCfg = Debug|Any CPU
		{8F9AB37D-0735-4E78-BAFB-3EF73EDE80E7}.Debug|x64.Build.0 = Debug|Any CPU
		{8F9AB37D-0735-4E78-BAFB-3EF73EDE80E7}.Debug|x86.ActiveCfg = Debug|Any CPU
		{8F9AB37D-0735-4E78-BAFB-3EF73EDE80E7}.Debug|x86.Build.0 = Debug|Any CPU
		{8F9AB37D-0735-4E78-BAFB-3EF73EDE80E7}.Release|Any CPU.ActiveCfg = Release|Any CPU
		{8F9AB37D-0735-4E78-BAFB-3EF73EDE80E7}.Release|Any CPU.Build.0 = Release|Any CPU
		{8F9AB37D-0735-4E78-BAFB-3EF73EDE80E7}.Release|x64.ActiveCfg = Release|Any CPU
		{8F9AB37D-0735-4E78-BAFB-3EF73EDE80E7}.Release|x64.Build.0 = Release|Any CPU
		{8F9AB37D-0735-4E78-BAFB-3EF73EDE80E7}.Release|x86.ActiveCfg = Release|Any CPU
		{8F9AB37D-0735-4E78-BAFB-3EF73EDE80E7}.Release|x86.Build.0 = Release|Any CPU
		{94C5B8B9-16E3-4FF4-B453-68150C12C81D}.Debug|Any CPU.ActiveCfg = Debug|Any CPU
		{94C5B8B9-16E3-4FF4-B453-68150C12C81D}.Debug|Any CPU.Build.0 = Debug|Any CPU
		{94C5B8B9-16E3-4FF4-B453-68150C12C81D}.Debug|x64.ActiveCfg = Debug|Any CPU
		{94C5B8B9-16E3-4FF4-B453-68150C12C81D}.Debug|x64.Build.0 = Debug|Any CPU
		{94C5B8B9-16E3-4FF4-B453-68150C12C81D}.Debug|x86.ActiveCfg = Debug|Any CPU
		{94C5B8B9-16E3-4FF4-B453-68150C12C81D}.Debug|x86.Build.0 = Debug|Any CPU
		{94C5B8B9-16E3-4FF4-B453-68150C12C81D}.Release|Any CPU.ActiveCfg = Release|Any CPU
		{94C5B8B9-16E3-4FF4-B453-68150C12C81D}.Release|Any CPU.Build.0 = Release|Any CPU
		{94C5B8B9-16E3-4FF4-B453-68150C12C81D}.Release|x64.ActiveCfg = Release|Any CPU
		{94C5B8B9-16E3-4FF4-B453-68150C12C81D}.Release|x64.Build.0 = Release|Any CPU
		{94C5B8B9-16E3-4FF4-B453-68150C12C81D}.Release|x86.ActiveCfg = Release|Any CPU
		{94C5B8B9-16E3-4FF4-B453-68150C12C81D}.Release|x86.Build.0 = Release|Any CPU
		{B2C3D4E5-F6A7-8901-BCDE-F23456789012}.Debug|Any CPU.ActiveCfg = Debug|Any CPU
		{B2C3D4E5-F6A7-8901-BCDE-F23456789012}.Debug|Any CPU.Build.0 = Debug|Any CPU
		{B2C3D4E5-F6A7-8901-BCDE-F23456789012}.Debug|x64.ActiveCfg = Debug|Any CPU
		{B2C3D4E5-F6A7-8901-BCDE-F23456789012}.Debug|x64.Build.0 = Debug|Any CPU
		{B2C3D4E5-F6A7-8901-BCDE-F23456789012}.Debug|x86.ActiveCfg = Debug|Any CPU
		{B2C3D4E5-F6A7-8901-BCDE-F23456789012}.Debug|x86.Build.0 = Debug|Any CPU
		{B2C3D4E5-F6A7-8901-BCDE-F23456789012}.Release|Any CPU.ActiveCfg = Release|Any CPU
		{B2C3D4E5-F6A7-8901-BCDE-F23456789012}.Release|Any CPU.Build.0 = Release|Any CPU
		{B2C3D4E5-F6A7-8901-BCDE-F23456789012}.Release|x64.ActiveCfg = Release|Any CPU
		{B2C3D4E5-F6A7-8901-BCDE-F23456789012}.Release|x64.Build.0 = Release|Any CPU
		{B2C3D4E5-F6A7-8901-BCDE-F23456789012}.Release|x86.ActiveCfg = Release|Any CPU
		{B2C3D4E5-F6A7-8901-BCDE-F23456789012}.Release|x86.Build.0 = Release|Any CPU
		{C3D4E5F6-A7B8-9012-CDEF-345678901234}.Debug|Any CPU.ActiveCfg = Debug|Any CPU
		{C3D4E5F6-A7B8-9012-CDEF-345678901234}.Debug|Any CPU.Build.0 = Debug|Any CPU
		{C3D4E5F6-A7B8-9012-CDEF-345678901234}.Debug|x64.ActiveCfg = Debug|Any CPU
		{C3D4E5F6-A7B8-9012-CDEF-345678901234}.Debug|x64.Build.0 = Debug|Any CPU
		{C3D4E5F6-A7B8-9012-CDEF-345678901234}.Debug|x86.ActiveCfg = Debug|Any CPU
		{C3D4E5F6-A7B8-9012-CDEF-345678901234}.Debug|x86.Build.0 = Debug|Any CPU
		{C3D4E5F6-A7B8-9012-CDEF-345678901234}.Release|Any CPU.ActiveCfg = Release|Any CPU
		{C3D4E5F6-A7B8-9012-CDEF-345678901234}.Release|Any CPU.Build.0 = Release|Any CPU
		{C3D4E5F6-A7B8-9012-CDEF-345678901234}.Release|x64.ActiveCfg = Release|Any CPU
		{C3D4E5F6-A7B8-9012-CDEF-345678901234}.Release|x64.Build.0 = Release|Any CPU
		{C3D4E5F6-A7B8-9012-CDEF-345678901234}.Release|x86.ActiveCfg = Release|Any CPU
		{C3D4E5F6-A7B8-9012-CDEF-345678901234}.Release|x86.Build.0 = Release|Any CPU
		{6FFB38BF-4545-4134-8D6F-7E50523ED4C0}.Debug|Any CPU.ActiveCfg = Debug|Any CPU
		{6FFB38BF-4545-4134-8D6F-7E50523ED4C0}.Debug|Any CPU.Build.0 = Debug|Any CPU
		{6FFB38BF-4545-4134-8D6F-7E50523ED4C0}.Debug|x64.ActiveCfg = Debug|Any CPU
		{6FFB38BF-4545-4134-8D6F-7E50523ED4C0}.Debug|x64.Build.0 = Debug|Any CPU
		{6FFB38BF-4545-4134-8D6F-7E50523ED4C0}.Debug|x86.ActiveCfg = Debug|Any CPU
		{6FFB38BF-4545-4134-8D6F-7E50523ED4C0}.Debug|x86.Build.0 = Debug|Any CPU
		{6FFB38BF-4545-4134-8D6F-7E50523ED4C0}.Release|Any CPU.ActiveCfg = Release|Any CPU
		{6FFB38BF-4545-4134-8D6F-7E50523ED4C0}.Release|Any CPU.Build.0 = Release|Any CPU
		{6FFB38BF-4545-4134-8D6F-7E50523ED4C0}.Release|x64.ActiveCfg = Release|Any CPU
		{6FFB38BF-4545-4134-8D6F-7E50523ED4C0}.Release|x64.Build.0 = Release|Any CPU
		{6FFB38BF-4545-4134-8D6F-7E50523ED4C0}.Release|x86.ActiveCfg = Release|Any CPU
		{6FFB38BF-4545-4134-8D6F-7E50523ED4C0}.Release|x86.Build.0 = Release|Any CPU
		{F39B9CFF-B32B-42CB-92A0-1DBD0D8909EF}.Debug|Any CPU.ActiveCfg = Debug|Any CPU
		{F39B9CFF-B32B-42CB-92A0-1DBD0D8909EF}.Debug|Any CPU.Build.0 = Debug|Any CPU
		{F39B9CFF-B32B-42CB-92A0-1DBD0D8909EF}.Debug|x64.ActiveCfg = Debug|Any CPU
		{F39B9CFF-B32B-42CB-92A0-1DBD0D8909EF}.Debug|x64.Build.0 = Debug|Any CPU
		{F39B9CFF-B32B-42CB-92A0-1DBD0D8909EF}.Debug|x86.ActiveCfg = Debug|Any CPU
		{F39B9CFF-B32B-42CB-92A0-1DBD0D8909EF}.Debug|x86.Build.0 = Debug|Any CPU
		{F39B9CFF-B32B-42CB-92A0-1DBD0D8909EF}.Release|Any CPU.ActiveCfg = Release|Any CPU
		{F39B9CFF-B32B-42CB-92A0-1DBD0D8909EF}.Release|Any CPU.Build.0 = Release|Any CPU
		{F39B9CFF-B32B-42CB-92A0-1DBD0D8909EF}.Release|x64.ActiveCfg = Release|Any CPU
		{F39B9CFF-B32B-42CB-92A0-1DBD0D8909EF}.Release|x64.Build.0 = Release|Any CPU
		{F39B9CFF-B32B-42CB-92A0-1DBD0D8909EF}.Release|x86.ActiveCfg = Release|Any CPU
		{F39B9CFF-B32B-42CB-92A0-1DBD0D8909EF}.Release|x86.Build.0 = Release|Any CPU
		{85CF072D-CB30-4579-85FA-0BDA096B0DB1}.Debug|Any CPU.ActiveCfg = Debug|Any CPU
		{85CF072D-CB30-4579-85FA-0BDA096B0DB1}.Debug|Any CPU.Build.0 = Debug|Any CPU
		{85CF072D-CB30-4579-85FA-0BDA096B0DB1}.Debug|x64.ActiveCfg = Debug|Any CPU
		{85CF072D-CB30-4579-85FA-0BDA096B0DB1}.Debug|x64.Build.0 = Debug|Any CPU
		{85CF072D-CB30-4579-85FA-0BDA096B0DB1}.Debug|x86.ActiveCfg = Debug|Any CPU
		{85CF072D-CB30-4579-85FA-0BDA096B0DB1}.Debug|x86.Build.0 = Debug|Any CPU
		{85CF072D-CB30-4579-85FA-0BDA096B0DB1}.Release|Any CPU.ActiveCfg = Release|Any CPU
		{85CF072D-CB30-4579-85FA-0BDA096B0DB1}.Release|Any CPU.Build.0 = Release|Any CPU
		{85CF072D-CB30-4579-85FA-0BDA096B0DB1}.Release|x64.ActiveCfg = Release|Any CPU
		{85CF072D-CB30-4579-85FA-0BDA096B0DB1}.Release|x64.Build.0 = Release|Any CPU
		{85CF072D-CB30-4579-85FA-0BDA096B0DB1}.Release|x86.ActiveCfg = Release|Any CPU
		{85CF072D-CB30-4579-85FA-0BDA096B0DB1}.Release|x86.Build.0 = Release|Any CPU
		{1DAF140A-F457-447D-9B01-05F009EF3879}.Debug|Any CPU.ActiveCfg = Debug|Any CPU
		{1DAF140A-F457-447D-9B01-05F009EF3879}.Debug|Any CPU.Build.0 = Debug|Any CPU
		{1DAF140A-F457-447D-9B01-05F009EF3879}.Debug|x64.ActiveCfg = Debug|Any CPU
		{1DAF140A-F457-447D-9B01-05F009EF3879}.Debug|x64.Build.0 = Debug|Any CPU
		{1DAF140A-F457-447D-9B01-05F009EF3879}.Debug|x86.ActiveCfg = Debug|Any CPU
		{1DAF140A-F457-447D-9B01-05F009EF3879}.Debug|x86.Build.0 = Debug|Any CPU
		{1DAF140A-F457-447D-9B01-05F009EF3879}.Release|Any CPU.ActiveCfg = Release|Any CPU
		{1DAF140A-F457-447D-9B01-05F009EF3879}.Release|Any CPU.Build.0 = Release|Any CPU
		{1DAF140A-F457-447D-9B01-05F009EF3879}.Release|x64.ActiveCfg = Release|Any CPU
		{1DAF140A-F457-447D-9B01-05F009EF3879}.Release|x64.Build.0 = Release|Any CPU
		{1DAF140A-F457-447D-9B01-05F009EF3879}.Release|x86.ActiveCfg = Release|Any CPU
		{1DAF140A-F457-447D-9B01-05F009EF3879}.Release|x86.Build.0 = Release|Any CPU
		{DFC33BF8-71D2-4567-A7D2-6CC3E652D77D}.Debug|Any CPU.ActiveCfg = Debug|Any CPU
		{DFC33BF8-71D2-4567-A7D2-6CC3E652D77D}.Debug|Any CPU.Build.0 = Debug|Any CPU
		{DFC33BF8-71D2-4567-A7D2-6CC3E652D77D}.Debug|x64.ActiveCfg = Debug|Any CPU
		{DFC33BF8-71D2-4567-A7D2-6CC3E652D77D}.Debug|x64.Build.0 = Debug|Any CPU
		{DFC33BF8-71D2-4567-A7D2-6CC3E652D77D}.Debug|x86.ActiveCfg = Debug|Any CPU
		{DFC33BF8-71D2-4567-A7D2-6CC3E652D77D}.Debug|x86.Build.0 = Debug|Any CPU
		{DFC33BF8-71D2-4567-A7D2-6CC3E652D77D}.Release|Any CPU.ActiveCfg = Release|Any CPU
		{DFC33BF8-71D2-4567-A7D2-6CC3E652D77D}.Release|Any CPU.Build.0 = Release|Any CPU
		{DFC33BF8-71D2-4567-A7D2-6CC3E652D77D}.Release|x64.ActiveCfg = Release|Any CPU
		{DFC33BF8-71D2-4567-A7D2-6CC3E652D77D}.Release|x64.Build.0 = Release|Any CPU
		{DFC33BF8-71D2-4567-A7D2-6CC3E652D77D}.Release|x86.ActiveCfg = Release|Any CPU
		{DFC33BF8-71D2-4567-A7D2-6CC3E652D77D}.Release|x86.Build.0 = Release|Any CPU
		{54359AEB-10BB-42D2-B6CF-7311AE0E0676}.Debug|Any CPU.ActiveCfg = Debug|Any CPU
		{54359AEB-10BB-42D2-B6CF-7311AE0E0676}.Debug|Any CPU.Build.0 = Debug|Any CPU
		{54359AEB-10BB-42D2-B6CF-7311AE0E0676}.Debug|x64.ActiveCfg = Debug|Any CPU
		{54359AEB-10BB-42D2-B6CF-7311AE0E0676}.Debug|x64.Build.0 = Debug|Any CPU
		{54359AEB-10BB-42D2-B6CF-7311AE0E0676}.Debug|x86.ActiveCfg = Debug|Any CPU
		{54359AEB-10BB-42D2-B6CF-7311AE0E0676}.Debug|x86.Build.0 = Debug|Any CPU
		{54359AEB-10BB-42D2-B6CF-7311AE0E0676}.Release|Any CPU.ActiveCfg = Release|Any CPU
		{54359AEB-10BB-42D2-B6CF-7311AE0E0676}.Release|Any CPU.Build.0 = Release|Any CPU
		{54359AEB-10BB-42D2-B6CF-7311AE0E0676}.Release|x64.ActiveCfg = Release|Any CPU
		{54359AEB-10BB-42D2-B6CF-7311AE0E0676}.Release|x64.Build.0 = Release|Any CPU
		{54359AEB-10BB-42D2-B6CF-7311AE0E0676}.Release|x86.ActiveCfg = Release|Any CPU
		{54359AEB-10BB-42D2-B6CF-7311AE0E0676}.Release|x86.Build.0 = Release|Any CPU
		{FD460F67-AAB3-4CFC-A48A-79CDC633F447}.Debug|Any CPU.ActiveCfg = Debug|Any CPU
		{FD460F67-AAB3-4CFC-A48A-79CDC633F447}.Debug|Any CPU.Build.0 = Debug|Any CPU
		{FD460F67-AAB3-4CFC-A48A-79CDC633F447}.Debug|x64.ActiveCfg = Debug|Any CPU
		{FD460F67-AAB3-4CFC-A48A-79CDC633F447}.Debug|x64.Build.0 = Debug|Any CPU
		{FD460F67-AAB3-4CFC-A48A-79CDC633F447}.Debug|x86.ActiveCfg = Debug|Any CPU
		{FD460F67-AAB3-4CFC-A48A-79CDC633F447}.Debug|x86.Build.0 = Debug|Any CPU
		{FD460F67-AAB3-4CFC-A48A-79CDC633F447}.Release|Any CPU.ActiveCfg = Release|Any CPU
		{FD460F67-AAB3-4CFC-A48A-79CDC633F447}.Release|Any CPU.Build.0 = Release|Any CPU
		{FD460F67-AAB3-4CFC-A48A-79CDC633F447}.Release|x64.ActiveCfg = Release|Any CPU
		{FD460F67-AAB3-4CFC-A48A-79CDC633F447}.Release|x64.Build.0 = Release|Any CPU
		{FD460F67-AAB3-4CFC-A48A-79CDC633F447}.Release|x86.ActiveCfg = Release|Any CPU
		{FD460F67-AAB3-4CFC-A48A-79CDC633F447}.Release|x86.Build.0 = Release|Any CPU
		{9C6D8A8C-0AFE-4C67-89FC-17C504335C65}.Debug|Any CPU.ActiveCfg = Debug|Any CPU
		{9C6D8A8C-0AFE-4C67-89FC-17C504335C65}.Debug|Any CPU.Build.0 = Debug|Any CPU
		{9C6D8A8C-0AFE-4C67-89FC-17C504335C65}.Debug|x64.ActiveCfg = Debug|Any CPU
		{9C6D8A8C-0AFE-4C67-89FC-17C504335C65}.Debug|x64.Build.0 = Debug|Any CPU
		{9C6D8A8C-0AFE-4C67-89FC-17C504335C65}.Debug|x86.ActiveCfg = Debug|Any CPU
		{9C6D8A8C-0AFE-4C67-89FC-17C504335C65}.Debug|x86.Build.0 = Debug|Any CPU
		{9C6D8A8C-0AFE-4C67-89FC-17C504335C65}.Release|Any CPU.ActiveCfg = Release|Any CPU
		{9C6D8A8C-0AFE-4C67-89FC-17C504335C65}.Release|Any CPU.Build.0 = Release|Any CPU
		{9C6D8A8C-0AFE-4C67-89FC-17C504335C65}.Release|x64.ActiveCfg = Release|Any CPU
		{9C6D8A8C-0AFE-4C67-89FC-17C504335C65}.Release|x64.Build.0 = Release|Any CPU
		{9C6D8A8C-0AFE-4C67-89FC-17C504335C65}.Release|x86.ActiveCfg = Release|Any CPU
		{9C6D8A8C-0AFE-4C67-89FC-17C504335C65}.Release|x86.Build.0 = Release|Any CPU
		{EF6CDB1E-6C4B-4F96-8D87-F1D4CF13E7E5}.Debug|Any CPU.ActiveCfg = Debug|Any CPU
		{EF6CDB1E-6C4B-4F96-8D87-F1D4CF13E7E5}.Debug|Any CPU.Build.0 = Debug|Any CPU
		{EF6CDB1E-6C4B-4F96-8D87-F1D4CF13E7E5}.Debug|x64.ActiveCfg = Debug|Any CPU
		{EF6CDB1E-6C4B-4F96-8D87-F1D4CF13E7E5}.Debug|x64.Build.0 = Debug|Any CPU
		{EF6CDB1E-6C4B-4F96-8D87-F1D4CF13E7E5}.Debug|x86.ActiveCfg = Debug|Any CPU
		{EF6CDB1E-6C4B-4F96-8D87-F1D4CF13E7E5}.Debug|x86.Build.0 = Debug|Any CPU
		{EF6CDB1E-6C4B-4F96-8D87-F1D4CF13E7E5}.Release|Any CPU.ActiveCfg = Release|Any CPU
		{EF6CDB1E-6C4B-4F96-8D87-F1D4CF13E7E5}.Release|Any CPU.Build.0 = Release|Any CPU
		{EF6CDB1E-6C4B-4F96-8D87-F1D4CF13E7E5}.Release|x64.ActiveCfg = Release|Any CPU
		{EF6CDB1E-6C4B-4F96-8D87-F1D4CF13E7E5}.Release|x64.Build.0 = Release|Any CPU
		{EF6CDB1E-6C4B-4F96-8D87-F1D4CF13E7E5}.Release|x86.ActiveCfg = Release|Any CPU
		{EF6CDB1E-6C4B-4F96-8D87-F1D4CF13E7E5}.Release|x86.Build.0 = Release|Any CPU
		{A76B332A-2606-4079-A12E-9277B2C4CFE1}.Debug|Any CPU.ActiveCfg = Debug|Any CPU
		{A76B332A-2606-4079-A12E-9277B2C4CFE1}.Debug|Any CPU.Build.0 = Debug|Any CPU
		{A76B332A-2606-4079-A12E-9277B2C4CFE1}.Debug|x64.ActiveCfg = Debug|Any CPU
		{A76B332A-2606-4079-A12E-9277B2C4CFE1}.Debug|x64.Build.0 = Debug|Any CPU
		{A76B332A-2606-4079-A12E-9277B2C4CFE1}.Debug|x86.ActiveCfg = Debug|Any CPU
		{A76B332A-2606-4079-A12E-9277B2C4CFE1}.Debug|x86.Build.0 = Debug|Any CPU
		{A76B332A-2606-4079-A12E-9277B2C4CFE1}.Release|Any CPU.ActiveCfg = Release|Any CPU
		{A76B332A-2606-4079-A12E-9277B2C4CFE1}.Release|Any CPU.Build.0 = Release|Any CPU
		{A76B332A-2606-4079-A12E-9277B2C4CFE1}.Release|x64.ActiveCfg = Release|Any CPU
		{A76B332A-2606-4079-A12E-9277B2C4CFE1}.Release|x64.Build.0 = Release|Any CPU
		{A76B332A-2606-4079-A12E-9277B2C4CFE1}.Release|x86.ActiveCfg = Release|Any CPU
		{A76B332A-2606-4079-A12E-9277B2C4CFE1}.Release|x86.Build.0 = Release|Any CPU
		{1C6318FB-5677-4F47-A942-CAC785C15940}.Debug|Any CPU.ActiveCfg = Debug|Any CPU
		{1C6318FB-5677-4F47-A942-CAC785C15940}.Debug|Any CPU.Build.0 = Debug|Any CPU
		{1C6318FB-5677-4F47-A942-CAC785C15940}.Debug|x64.ActiveCfg = Debug|Any CPU
		{1C6318FB-5677-4F47-A942-CAC785C15940}.Debug|x64.Build.0 = Debug|Any CPU
		{1C6318FB-5677-4F47-A942-CAC785C15940}.Debug|x86.ActiveCfg = Debug|Any CPU
		{1C6318FB-5677-4F47-A942-CAC785C15940}.Debug|x86.Build.0 = Debug|Any CPU
		{1C6318FB-5677-4F47-A942-CAC785C15940}.Release|Any CPU.ActiveCfg = Release|Any CPU
		{1C6318FB-5677-4F47-A942-CAC785C15940}.Release|Any CPU.Build.0 = Release|Any CPU
		{1C6318FB-5677-4F47-A942-CAC785C15940}.Release|x64.ActiveCfg = Release|Any CPU
		{1C6318FB-5677-4F47-A942-CAC785C15940}.Release|x64.Build.0 = Release|Any CPU
		{1C6318FB-5677-4F47-A942-CAC785C15940}.Release|x86.ActiveCfg = Release|Any CPU
		{1C6318FB-5677-4F47-A942-CAC785C15940}.Release|x86.Build.0 = Release|Any CPU
		{A687CC23-5672-41F0-8570-498C3405284B}.Debug|Any CPU.ActiveCfg = Debug|Any CPU
		{A687CC23-5672-41F0-8570-498C3405284B}.Debug|Any CPU.Build.0 = Debug|Any CPU
		{A687CC23-5672-41F0-8570-498C3405284B}.Debug|x64.ActiveCfg = Debug|Any CPU
		{A687CC23-5672-41F0-8570-498C3405284B}.Debug|x64.Build.0 = Debug|Any CPU
		{A687CC23-5672-41F0-8570-498C3405284B}.Debug|x86.ActiveCfg = Debug|Any CPU
		{A687CC23-5672-41F0-8570-498C3405284B}.Debug|x86.Build.0 = Debug|Any CPU
		{A687CC23-5672-41F0-8570-498C3405284B}.Release|Any CPU.ActiveCfg = Release|Any CPU
		{A687CC23-5672-41F0-8570-498C3405284B}.Release|Any CPU.Build.0 = Release|Any CPU
		{A687CC23-5672-41F0-8570-498C3405284B}.Release|x64.ActiveCfg = Release|Any CPU
		{A687CC23-5672-41F0-8570-498C3405284B}.Release|x64.Build.0 = Release|Any CPU
		{A687CC23-5672-41F0-8570-498C3405284B}.Release|x86.ActiveCfg = Release|Any CPU
		{A687CC23-5672-41F0-8570-498C3405284B}.Release|x86.Build.0 = Release|Any CPU
		{D39A92F4-3237-4E9F-9D5D-F39FDDBD8B85}.Debug|Any CPU.ActiveCfg = Debug|Any CPU
		{D39A92F4-3237-4E9F-9D5D-F39FDDBD8B85}.Debug|Any CPU.Build.0 = Debug|Any CPU
		{D39A92F4-3237-4E9F-9D5D-F39FDDBD8B85}.Debug|x64.ActiveCfg = Debug|Any CPU
		{D39A92F4-3237-4E9F-9D5D-F39FDDBD8B85}.Debug|x64.Build.0 = Debug|Any CPU
		{D39A92F4-3237-4E9F-9D5D-F39FDDBD8B85}.Debug|x86.ActiveCfg = Debug|Any CPU
		{D39A92F4-3237-4E9F-9D5D-F39FDDBD8B85}.Debug|x86.Build.0 = Debug|Any CPU
		{D39A92F4-3237-4E9F-9D5D-F39FDDBD8B85}.Release|Any CPU.ActiveCfg = Release|Any CPU
		{D39A92F4-3237-4E9F-9D5D-F39FDDBD8B85}.Release|Any CPU.Build.0 = Release|Any CPU
		{D39A92F4-3237-4E9F-9D5D-F39FDDBD8B85}.Release|x64.ActiveCfg = Release|Any CPU
		{D39A92F4-3237-4E9F-9D5D-F39FDDBD8B85}.Release|x64.Build.0 = Release|Any CPU
		{D39A92F4-3237-4E9F-9D5D-F39FDDBD8B85}.Release|x86.ActiveCfg = Release|Any CPU
		{D39A92F4-3237-4E9F-9D5D-F39FDDBD8B85}.Release|x86.Build.0 = Release|Any CPU
		{6EA88D0D-C70E-402D-B98C-0B6C490E0A1D}.Debug|Any CPU.ActiveCfg = Debug|Any CPU
		{6EA88D0D-C70E-402D-B98C-0B6C490E0A1D}.Debug|Any CPU.Build.0 = Debug|Any CPU
		{6EA88D0D-C70E-402D-B98C-0B6C490E0A1D}.Debug|x64.ActiveCfg = Debug|Any CPU
		{6EA88D0D-C70E-402D-B98C-0B6C490E0A1D}.Debug|x64.Build.0 = Debug|Any CPU
		{6EA88D0D-C70E-402D-B98C-0B6C490E0A1D}.Debug|x86.ActiveCfg = Debug|Any CPU
		{6EA88D0D-C70E-402D-B98C-0B6C490E0A1D}.Debug|x86.Build.0 = Debug|Any CPU
		{6EA88D0D-C70E-402D-B98C-0B6C490E0A1D}.Release|Any CPU.ActiveCfg = Release|Any CPU
		{6EA88D0D-C70E-402D-B98C-0B6C490E0A1D}.Release|Any CPU.Build.0 = Release|Any CPU
		{6EA88D0D-C70E-402D-B98C-0B6C490E0A1D}.Release|x64.ActiveCfg = Release|Any CPU
		{6EA88D0D-C70E-402D-B98C-0B6C490E0A1D}.Release|x64.Build.0 = Release|Any CPU
		{6EA88D0D-C70E-402D-B98C-0B6C490E0A1D}.Release|x86.ActiveCfg = Release|Any CPU
		{6EA88D0D-C70E-402D-B98C-0B6C490E0A1D}.Release|x86.Build.0 = Release|Any CPU
		{D95B1ABC-1DE7-4FF1-AE40-2FE1728DD94D}.Debug|Any CPU.ActiveCfg = Debug|Any CPU
		{D95B1ABC-1DE7-4FF1-AE40-2FE1728DD94D}.Debug|Any CPU.Build.0 = Debug|Any CPU
		{D95B1ABC-1DE7-4FF1-AE40-2FE1728DD94D}.Debug|x64.ActiveCfg = Debug|Any CPU
		{D95B1ABC-1DE7-4FF1-AE40-2FE1728DD94D}.Debug|x64.Build.0 = Debug|Any CPU
		{D95B1ABC-1DE7-4FF1-AE40-2FE1728DD94D}.Debug|x86.ActiveCfg = Debug|Any CPU
		{D95B1ABC-1DE7-4FF1-AE40-2FE1728DD94D}.Debug|x86.Build.0 = Debug|Any CPU
		{D95B1ABC-1DE7-4FF1-AE40-2FE1728DD94D}.Release|Any CPU.ActiveCfg = Release|Any CPU
		{D95B1ABC-1DE7-4FF1-AE40-2FE1728DD94D}.Release|Any CPU.Build.0 = Release|Any CPU
		{D95B1ABC-1DE7-4FF1-AE40-2FE1728DD94D}.Release|x64.ActiveCfg = Release|Any CPU
		{D95B1ABC-1DE7-4FF1-AE40-2FE1728DD94D}.Release|x64.Build.0 = Release|Any CPU
		{D95B1ABC-1DE7-4FF1-AE40-2FE1728DD94D}.Release|x86.ActiveCfg = Release|Any CPU
		{D95B1ABC-1DE7-4FF1-AE40-2FE1728DD94D}.Release|x86.Build.0 = Release|Any CPU
	EndGlobalSection
	GlobalSection(SolutionProperties) = preSolution
		HideSolutionNode = FALSE
	EndGlobalSection
	GlobalSection(NestedProjects) = preSolution
		{83AE265D-9459-9163-A27E-A50CDA92A54D} = {827E0CD3-B72D-47B6-A68D-7590B98EB39B}
		{13D2B465-A242-FF76-2C30-D814A6782D15} = {827E0CD3-B72D-47B6-A68D-7590B98EB39B}
		{1F377B66-D7B8-4438-AB5B-7405ECADB6EA} = {13D2B465-A242-FF76-2C30-D814A6782D15}
		{92CED838-3363-CF0B-342A-625DC841CA7D} = {0AB3BF05-4346-4AA6-1389-037BE0695223}
		{1DE065BA-E1AF-4D1D-BB98-FBEA12981919} = {92CED838-3363-CF0B-342A-625DC841CA7D}
		{2686533C-2934-4AD5-85ED-96263B399F66} = {0AB3BF05-4346-4AA6-1389-037BE0695223}
		{8BE56B4D-B8C4-4F3F-6DA4-D3D8537CFF0B} = {827E0CD3-B72D-47B6-A68D-7590B98EB39B}
		{B9B26D30-0278-407C-8863-5499A4EBE466} = {8BE56B4D-B8C4-4F3F-6DA4-D3D8537CFF0B}
		{70E65890-0144-8D95-5C0C-BA429F41C73A} = {827E0CD3-B72D-47B6-A68D-7590B98EB39B}
		{25DE5B9B-464D-4893-98B0-3C7826DE99E2} = {70E65890-0144-8D95-5C0C-BA429F41C73A}
		{37BDF37C-1C15-48E9-A986-523D0F85ABC3} = {0AB3BF05-4346-4AA6-1389-037BE0695223}
		{FA86982B-ECE9-C617-B151-8DEE7FCF49E0} = {0AB3BF05-4346-4AA6-1389-037BE0695223}
		{47A129F8-464E-4EA0-BDEB-FCCCB4A41E68} = {FA86982B-ECE9-C617-B151-8DEE7FCF49E0}
		{6EE996B1-2A06-4D45-AE49-DC305C28FA48} = {1D587995-D2B1-D47C-23B4-E8E972FA15E9}
		{8A7B6C5D-4E3F-2A1B-9C8D-7E6F5A4B3C2D} = {1D587995-D2B1-D47C-23B4-E8E972FA15E9}
		{343224AD-B156-E81A-DB90-2C896362DF49} = {827E0CD3-B72D-47B6-A68D-7590B98EB39B}
		{88F73062-CEB8-4886-B9EB-5C34808F63AE} = {343224AD-B156-E81A-DB90-2C896362DF49}
		{54A28BBD-4581-4FAB-A59F-D6462270F811} = {0AB3BF05-4346-4AA6-1389-037BE0695223}
		{699025FD-F5EB-457F-A99C-4170590D8AED} = {827E0CD3-B72D-47B6-A68D-7590B98EB39B}
		{DFB9E54A-589E-BC85-2E6B-BA0215427542} = {F810A94A-2D4C-AF00-250D-C2F01644971D}
		{8F9AB37D-0735-4E78-BAFB-3EF73EDE80E7} = {DFB9E54A-589E-BC85-2E6B-BA0215427542}
		{94C5B8B9-16E3-4FF4-B453-68150C12C81D} = {0AB3BF05-4346-4AA6-1389-037BE0695223}
		{A1B2C3D4-E5F6-7890-ABCD-EF1234567890} = {827E0CD3-B72D-47B6-A68D-7590B98EB39B}
		{B2C3D4E5-F6A7-8901-BCDE-F23456789012} = {A1B2C3D4-E5F6-7890-ABCD-EF1234567890}
		{C3D4E5F6-A7B8-9012-CDEF-345678901234} = {0AB3BF05-4346-4AA6-1389-037BE0695223}
		{A238E06B-87D0-D7BD-2D86-1CC2A7E85580} = {827E0CD3-B72D-47B6-A68D-7590B98EB39B}
		{6FFB38BF-4545-4134-8D6F-7E50523ED4C0} = {A238E06B-87D0-D7BD-2D86-1CC2A7E85580}
		{F39B9CFF-B32B-42CB-92A0-1DBD0D8909EF} = {827E0CD3-B72D-47B6-A68D-7590B98EB39B}
		{85CF072D-CB30-4579-85FA-0BDA096B0DB1} = {0AB3BF05-4346-4AA6-1389-037BE0695223}
		{F9E67844-93F8-4F2F-8F6A-2C8D3E4B5A7F} = {827E0CD3-B72D-47B6-A68D-7590B98EB39B}
		{1DAF140A-F457-447D-9B01-05F009EF3879} = {F9E67844-93F8-4F2F-8F6A-2C8D3E4B5A7F}
		{DFC33BF8-71D2-4567-A7D2-6CC3E652D77D} = {0AB3BF05-4346-4AA6-1389-037BE0695223}
		{E93B1AF3-9550-FACD-9502-3D3D71A7DA53} = {827E0CD3-B72D-47B6-A68D-7590B98EB39B}
		{54359AEB-10BB-42D2-B6CF-7311AE0E0676} = {E93B1AF3-9550-FACD-9502-3D3D71A7DA53}
		{FD460F67-AAB3-4CFC-A48A-79CDC633F447} = {0AB3BF05-4346-4AA6-1389-037BE0695223}
		{9C6D8A8C-0AFE-4C67-89FC-17C504335C65} = {827E0CD3-B72D-47B6-A68D-7590B98EB39B}
		{EF6CDB1E-6C4B-4F96-8D87-F1D4CF13E7E5} = {0AB3BF05-4346-4AA6-1389-037BE0695223}
		{A76B332A-2606-4079-A12E-9277B2C4CFE1} = {CE6EECFA-7D8E-0287-3DF4-00E823846820}
		{1C6318FB-5677-4F47-A942-CAC785C15940} = {5D20AA90-6969-D8BD-9DCD-8634F4692FDA}
		{A687CC23-5672-41F0-8570-498C3405284B} = {0AB3BF05-4346-4AA6-1389-037BE0695223}
		{D39A92F4-3237-4E9F-9D5D-F39FDDBD8B85} = {0AB3BF05-4346-4AA6-1389-037BE0695223}
		{27A0631E-3E77-5362-D811-13EA15435021} = {827E0CD3-B72D-47B6-A68D-7590B98EB39B}
		{6EA88D0D-C70E-402D-B98C-0B6C490E0A1D} = {27A0631E-3E77-5362-D811-13EA15435021}
		{D95B1ABC-1DE7-4FF1-AE40-2FE1728DD94D} = {27A0631E-3E77-5362-D811-13EA15435021}
	EndGlobalSection
	GlobalSection(ExtensibilityGlobals) = postSolution
		SolutionGuid = {31A20680-EDCA-4DBB-BA5F-0B8B8670BCEC}
	EndGlobalSection
EndGlobal
