
Microsoft Visual Studio Solution File, Format Version 12.00
# Visual Studio Version 17
VisualStudioVersion = 17.5.2.0
MinimumVisualStudioVersion = 10.0.40219.1
Project("{2150E333-8FDC-42A3-9474-1A3956D46DE8}") = "src", "src", "{827E0CD3-B72D-47B6-A68D-7590B98EB39B}"
EndProject
Project("{FAE04EC0-301F-11D3-BF4B-00C04F79EFBC}") = "AchieveAi.LmDotnetTools.LmCore", "src\LmCore\AchieveAi.LmDotnetTools.LmCore.csproj", "{83AE265D-9459-9163-A27E-A50CDA92A54D}"
EndProject
Project("{2150E333-8FDC-42A3-9474-1A3956D46DE8}") = "OpenAIProvider", "OpenAIProvider", "{13D2B465-A242-FF76-2C30-D814A6782D15}"
EndProject
Project("{FAE04EC0-301F-11D3-BF4B-00C04F79EFBC}") = "AchieveAi.LmDotnetTools.OpenAIProvider", "src\OpenAIProvider\AchieveAi.LmDotnetTools.OpenAIProvider.csproj", "{1F377B66-D7B8-4438-AB5B-7405ECADB6EA}"
EndProject
Project("{2150E333-8FDC-42A3-9474-1A3956D46DE8}") = "tests", "tests", "{0AB3BF05-4346-4AA6-1389-037BE0695223}"
EndProject
Project("{2150E333-8FDC-42A3-9474-1A3956D46DE8}") = "LmCore.Tests", "LmCore.Tests", "{92CED838-3363-CF0B-342A-625DC841CA7D}"
EndProject
Project("{FAE04EC0-301F-11D3-BF4B-00C04F79EFBC}") = "AchieveAi.LmDotnetTools.LmCore.Tests", "tests\LmCore.Tests\AchieveAi.LmDotnetTools.LmCore.Tests.csproj", "{1DE065BA-E1AF-4D1D-BB98-FBEA12981919}"
EndProject
Project("{FAE04EC0-301F-11D3-BF4B-00C04F79EFBC}") = "OpenAIProvider.Tests", "tests\OpenAIProvider.Tests\OpenAIProvider.Tests.csproj", "{2686533C-2934-4AD5-85ED-96263B399F66}"
EndProject
Project("{2150E333-8FDC-42A3-9474-1A3956D46DE8}") = "McpMiddleware", "McpMiddleware", "{8BE56B4D-B8C4-4F3F-6DA4-D3D8537CFF0B}"
EndProject
Project("{FAE04EC0-301F-11D3-BF4B-00C04F79EFBC}") = "AchieveAi.LmDotnetTools.McpMiddleware", "src\McpMiddleware\AchieveAi.LmDotnetTools.McpMiddleware.csproj", "{B9B26D30-0278-407C-8863-5499A4EBE466}"
EndProject
Project("{2150E333-8FDC-42A3-9474-1A3956D46DE8}") = "McpSampleServer", "McpSampleServer", "{70E65890-0144-8D95-5C0C-BA429F41C73A}"
EndProject
Project("{FAE04EC0-301F-11D3-BF4B-00C04F79EFBC}") = "AchieveAi.LmDotnetTools.McpSampleServer", "src\McpSampleServer\AchieveAi.LmDotnetTools.McpSampleServer.csproj", "{25DE5B9B-464D-4893-98B0-3C7826DE99E2}"
EndProject
Project("{FAE04EC0-301F-11D3-BF4B-00C04F79EFBC}") = "McpIntegrationTests", "tests\McpIntegrationTests\McpIntegrationTests.csproj", "{37BDF37C-1C15-48E9-A986-523D0F85ABC3}"
EndProject
Project("{2150E333-8FDC-42A3-9474-1A3956D46DE8}") = "TestUtils", "TestUtils", "{FA86982B-ECE9-C617-B151-8DEE7FCF49E0}"
EndProject
Project("{FAE04EC0-301F-11D3-BF4B-00C04F79EFBC}") = "AchieveAi.LmDotnetTools.TestUtils", "tests\TestUtils\AchieveAi.LmDotnetTools.TestUtils.csproj", "{47A129F8-464E-4EA0-BDEB-FCCCB4A41E68}"
EndProject
Project("{2150E333-8FDC-42A3-9474-1A3956D46DE8}") = "example", "example", "{1D587995-D2B1-D47C-23B4-E8E972FA15E9}"
EndProject
Project("{FAE04EC0-301F-11D3-BF4B-00C04F79EFBC}") = "ExamplePythonMCPClient", "example\ExamplePythonMCPClient\ExamplePythonMCPClient.csproj", "{6EE996B1-2A06-4D45-AE49-DC305C28FA48}"
EndProject
Project("{2150E333-8FDC-42A3-9474-1A3956D46DE8}") = "AnthropicProvider", "AnthropicProvider", "{343224AD-B156-E81A-DB90-2C896362DF49}"
EndProject
Project("{FAE04EC0-301F-11D3-BF4B-00C04F79EFBC}") = "AchieveAi.LmDotnetTools.AnthropicProvider", "src\AnthropicProvider\AchieveAi.LmDotnetTools.AnthropicProvider.csproj", "{88F73062-CEB8-4886-B9EB-5C34808F63AE}"
EndProject
Project("{FAE04EC0-301F-11D3-BF4B-00C04F79EFBC}") = "AnthropicProvider.Tests", "tests\AnthropicProvider.Tests\AnthropicProvider.Tests.csproj", "{54A28BBD-4581-4FAB-A59F-D6462270F811}"
EndProject
Project("{2150E333-8FDC-42A3-9474-1A3956D46DE8}") = "Misc", "Misc", "{31ADC136-7FF9-0FF8-0AAC-D1B888F24F30}"
EndProject
Project("{FAE04EC0-301F-11D3-BF4B-00C04F79EFBC}") = "AchieveAi.LmDotnetTools.Misc", "src\Misc\AchieveAi.LmDotnetTools.Misc.csproj", "{699025FD-F5EB-457F-A99C-4170590D8AED}"
EndProject
Project("{2150E333-8FDC-42A3-9474-1A3956D46DE8}") = "McpServers", "McpServers", "{F810A94A-2D4C-AF00-250D-C2F01644971D}"
EndProject
Project("{2150E333-8FDC-42A3-9474-1A3956D46DE8}") = "Memory", "Memory", "{DFB9E54A-589E-BC85-2E6B-BA0215427542}"
EndProject
Project("{FAE04EC0-301F-11D3-BF4B-00C04F79EFBC}") = "MemoryServer", "McpServers\Memory\MemoryServer\MemoryServer.csproj", "{8F9AB37D-0735-4E78-BAFB-3EF73EDE80E7}"
EndProject
Project("{FAE04EC0-301F-11D3-BF4B-00C04F79EFBC}") = "MemoryServer.Tests", "tests\MemoryServer.Tests\MemoryServer.Tests.csproj", "{94C5B8B9-16E3-4FF4-B453-68150C12C81D}"
EndProject
Global
	GlobalSection(SolutionConfigurationPlatforms) = preSolution
		Debug|Any CPU = Debug|Any CPU
		Debug|x64 = Debug|x64
		Debug|x86 = Debug|x86
		Release|Any CPU = Release|Any CPU
		Release|x64 = Release|x64
		Release|x86 = Release|x86
	EndGlobalSection
	GlobalSection(ProjectConfigurationPlatforms) = postSolution
		{83AE265D-9459-9163-A27E-A50CDA92A54D}.Debug|Any CPU.ActiveCfg = Debug|Any CPU
		{83AE265D-9459-9163-A27E-A50CDA92A54D}.Debug|Any CPU.Build.0 = Debug|Any CPU
		{83AE265D-9459-9163-A27E-A50CDA92A54D}.Debug|x64.ActiveCfg = Debug|Any CPU
		{83AE265D-9459-9163-A27E-A50CDA92A54D}.Debug|x64.Build.0 = Debug|Any CPU
		{83AE265D-9459-9163-A27E-A50CDA92A54D}.Debug|x86.ActiveCfg = Debug|Any CPU
		{83AE265D-9459-9163-A27E-A50CDA92A54D}.Debug|x86.Build.0 = Debug|Any CPU
		{83AE265D-9459-9163-A27E-A50CDA92A54D}.Release|Any CPU.ActiveCfg = Release|Any CPU
		{83AE265D-9459-9163-A27E-A50CDA92A54D}.Release|Any CPU.Build.0 = Release|Any CPU
		{83AE265D-9459-9163-A27E-A50CDA92A54D}.Release|x64.ActiveCfg = Release|Any CPU
		{83AE265D-9459-9163-A27E-A50CDA92A54D}.Release|x64.Build.0 = Release|Any CPU
		{83AE265D-9459-9163-A27E-A50CDA92A54D}.Release|x86.ActiveCfg = Release|Any CPU
		{83AE265D-9459-9163-A27E-A50CDA92A54D}.Release|x86.Build.0 = Release|Any CPU
		{1F377B66-D7B8-4438-AB5B-7405ECADB6EA}.Debug|Any CPU.ActiveCfg = Debug|Any CPU
		{1F377B66-D7B8-4438-AB5B-7405ECADB6EA}.Debug|Any CPU.Build.0 = Debug|Any CPU
		{1F377B66-D7B8-4438-AB5B-7405ECADB6EA}.Debug|x64.ActiveCfg = Debug|Any CPU
		{1F377B66-D7B8-4438-AB5B-7405ECADB6EA}.Debug|x64.Build.0 = Debug|Any CPU
		{1F377B66-D7B8-4438-AB5B-7405ECADB6EA}.Debug|x86.ActiveCfg = Debug|Any CPU
		{1F377B66-D7B8-4438-AB5B-7405ECADB6EA}.Debug|x86.Build.0 = Debug|Any CPU
		{1F377B66-D7B8-4438-AB5B-7405ECADB6EA}.Release|Any CPU.ActiveCfg = Release|Any CPU
		{1F377B66-D7B8-4438-AB5B-7405ECADB6EA}.Release|Any CPU.Build.0 = Release|Any CPU
		{1F377B66-D7B8-4438-AB5B-7405ECADB6EA}.Release|x64.ActiveCfg = Release|Any CPU
		{1F377B66-D7B8-4438-AB5B-7405ECADB6EA}.Release|x64.Build.0 = Release|Any CPU
		{1F377B66-D7B8-4438-AB5B-7405ECADB6EA}.Release|x86.ActiveCfg = Release|Any CPU
		{1F377B66-D7B8-4438-AB5B-7405ECADB6EA}.Release|x86.Build.0 = Release|Any CPU
		{1DE065BA-E1AF-4D1D-BB98-FBEA12981919}.Debug|Any CPU.ActiveCfg = Debug|Any CPU
		{1DE065BA-E1AF-4D1D-BB98-FBEA12981919}.Debug|Any CPU.Build.0 = Debug|Any CPU
		{1DE065BA-E1AF-4D1D-BB98-FBEA12981919}.Debug|x64.ActiveCfg = Debug|Any CPU
		{1DE065BA-E1AF-4D1D-BB98-FBEA12981919}.Debug|x64.Build.0 = Debug|Any CPU
		{1DE065BA-E1AF-4D1D-BB98-FBEA12981919}.Debug|x86.ActiveCfg = Debug|Any CPU
		{1DE065BA-E1AF-4D1D-BB98-FBEA12981919}.Debug|x86.Build.0 = Debug|Any CPU
		{1DE065BA-E1AF-4D1D-BB98-FBEA12981919}.Release|Any CPU.ActiveCfg = Release|Any CPU
		{1DE065BA-E1AF-4D1D-BB98-FBEA12981919}.Release|Any CPU.Build.0 = Release|Any CPU
		{1DE065BA-E1AF-4D1D-BB98-FBEA12981919}.Release|x64.ActiveCfg = Release|Any CPU
		{1DE065BA-E1AF-4D1D-BB98-FBEA12981919}.Release|x64.Build.0 = Release|Any CPU
		{1DE065BA-E1AF-4D1D-BB98-FBEA12981919}.Release|x86.ActiveCfg = Release|Any CPU
		{1DE065BA-E1AF-4D1D-BB98-FBEA12981919}.Release|x86.Build.0 = Release|Any CPU
		{2686533C-2934-4AD5-85ED-96263B399F66}.Debug|Any CPU.ActiveCfg = Debug|Any CPU
		{2686533C-2934-4AD5-85ED-96263B399F66}.Debug|Any CPU.Build.0 = Debug|Any CPU
		{2686533C-2934-4AD5-85ED-96263B399F66}.Debug|x64.ActiveCfg = Debug|Any CPU
		{2686533C-2934-4AD5-85ED-96263B399F66}.Debug|x64.Build.0 = Debug|Any CPU
		{2686533C-2934-4AD5-85ED-96263B399F66}.Debug|x86.ActiveCfg = Debug|Any CPU
		{2686533C-2934-4AD5-85ED-96263B399F66}.Debug|x86.Build.0 = Debug|Any CPU
		{2686533C-2934-4AD5-85ED-96263B399F66}.Release|Any CPU.ActiveCfg = Release|Any CPU
		{2686533C-2934-4AD5-85ED-96263B399F66}.Release|Any CPU.Build.0 = Release|Any CPU
		{2686533C-2934-4AD5-85ED-96263B399F66}.Release|x64.ActiveCfg = Release|Any CPU
		{2686533C-2934-4AD5-85ED-96263B399F66}.Release|x64.Build.0 = Release|Any CPU
		{2686533C-2934-4AD5-85ED-96263B399F66}.Release|x86.ActiveCfg = Release|Any CPU
		{2686533C-2934-4AD5-85ED-96263B399F66}.Release|x86.Build.0 = Release|Any CPU
		{B9B26D30-0278-407C-8863-5499A4EBE466}.Debug|Any CPU.ActiveCfg = Debug|Any CPU
		{B9B26D30-0278-407C-8863-5499A4EBE466}.Debug|Any CPU.Build.0 = Debug|Any CPU
		{B9B26D30-0278-407C-8863-5499A4EBE466}.Debug|x64.ActiveCfg = Debug|Any CPU
		{B9B26D30-0278-407C-8863-5499A4EBE466}.Debug|x64.Build.0 = Debug|Any CPU
		{B9B26D30-0278-407C-8863-5499A4EBE466}.Debug|x86.ActiveCfg = Debug|Any CPU
		{B9B26D30-0278-407C-8863-5499A4EBE466}.Debug|x86.Build.0 = Debug|Any CPU
		{B9B26D30-0278-407C-8863-5499A4EBE466}.Release|Any CPU.ActiveCfg = Release|Any CPU
		{B9B26D30-0278-407C-8863-5499A4EBE466}.Release|Any CPU.Build.0 = Release|Any CPU
		{B9B26D30-0278-407C-8863-5499A4EBE466}.Release|x64.ActiveCfg = Release|Any CPU
		{B9B26D30-0278-407C-8863-5499A4EBE466}.Release|x64.Build.0 = Release|Any CPU
		{B9B26D30-0278-407C-8863-5499A4EBE466}.Release|x86.ActiveCfg = Release|Any CPU
		{B9B26D30-0278-407C-8863-5499A4EBE466}.Release|x86.Build.0 = Release|Any CPU
		{25DE5B9B-464D-4893-98B0-3C7826DE99E2}.Debug|Any CPU.ActiveCfg = Debug|Any CPU
		{25DE5B9B-464D-4893-98B0-3C7826DE99E2}.Debug|Any CPU.Build.0 = Debug|Any CPU
		{25DE5B9B-464D-4893-98B0-3C7826DE99E2}.Debug|x64.ActiveCfg = Debug|Any CPU
		{25DE5B9B-464D-4893-98B0-3C7826DE99E2}.Debug|x64.Build.0 = Debug|Any CPU
		{25DE5B9B-464D-4893-98B0-3C7826DE99E2}.Debug|x86.ActiveCfg = Debug|Any CPU
		{25DE5B9B-464D-4893-98B0-3C7826DE99E2}.Debug|x86.Build.0 = Debug|Any CPU
		{25DE5B9B-464D-4893-98B0-3C7826DE99E2}.Release|Any CPU.ActiveCfg = Release|Any CPU
		{25DE5B9B-464D-4893-98B0-3C7826DE99E2}.Release|Any CPU.Build.0 = Release|Any CPU
		{25DE5B9B-464D-4893-98B0-3C7826DE99E2}.Release|x64.ActiveCfg = Release|Any CPU
		{25DE5B9B-464D-4893-98B0-3C7826DE99E2}.Release|x64.Build.0 = Release|Any CPU
		{25DE5B9B-464D-4893-98B0-3C7826DE99E2}.Release|x86.ActiveCfg = Release|Any CPU
		{25DE5B9B-464D-4893-98B0-3C7826DE99E2}.Release|x86.Build.0 = Release|Any CPU
		{37BDF37C-1C15-48E9-A986-523D0F85ABC3}.Debug|Any CPU.ActiveCfg = Debug|Any CPU
		{37BDF37C-1C15-48E9-A986-523D0F85ABC3}.Debug|Any CPU.Build.0 = Debug|Any CPU
		{37BDF37C-1C15-48E9-A986-523D0F85ABC3}.Debug|x64.ActiveCfg = Debug|Any CPU
		{37BDF37C-1C15-48E9-A986-523D0F85ABC3}.Debug|x64.Build.0 = Debug|Any CPU
		{37BDF37C-1C15-48E9-A986-523D0F85ABC3}.Debug|x86.ActiveCfg = Debug|Any CPU
		{37BDF37C-1C15-48E9-A986-523D0F85ABC3}.Debug|x86.Build.0 = Debug|Any CPU
		{37BDF37C-1C15-48E9-A986-523D0F85ABC3}.Release|Any CPU.ActiveCfg = Release|Any CPU
		{37BDF37C-1C15-48E9-A986-523D0F85ABC3}.Release|Any CPU.Build.0 = Release|Any CPU
		{37BDF37C-1C15-48E9-A986-523D0F85ABC3}.Release|x64.ActiveCfg = Release|Any CPU
		{37BDF37C-1C15-48E9-A986-523D0F85ABC3}.Release|x64.Build.0 = Release|Any CPU
		{37BDF37C-1C15-48E9-A986-523D0F85ABC3}.Release|x86.ActiveCfg = Release|Any CPU
		{37BDF37C-1C15-48E9-A986-523D0F85ABC3}.Release|x86.Build.0 = Release|Any CPU
		{47A129F8-464E-4EA0-BDEB-FCCCB4A41E68}.Debug|Any CPU.ActiveCfg = Debug|Any CPU
		{47A129F8-464E-4EA0-BDEB-FCCCB4A41E68}.Debug|Any CPU.Build.0 = Debug|Any CPU
		{47A129F8-464E-4EA0-BDEB-FCCCB4A41E68}.Debug|x64.ActiveCfg = Debug|Any CPU
		{47A129F8-464E-4EA0-BDEB-FCCCB4A41E68}.Debug|x64.Build.0 = Debug|Any CPU
		{47A129F8-464E-4EA0-BDEB-FCCCB4A41E68}.Debug|x86.ActiveCfg = Debug|Any CPU
		{47A129F8-464E-4EA0-BDEB-FCCCB4A41E68}.Debug|x86.Build.0 = Debug|Any CPU
		{47A129F8-464E-4EA0-BDEB-FCCCB4A41E68}.Release|Any CPU.ActiveCfg = Release|Any CPU
		{47A129F8-464E-4EA0-BDEB-FCCCB4A41E68}.Release|Any CPU.Build.0 = Release|Any CPU
		{47A129F8-464E-4EA0-BDEB-FCCCB4A41E68}.Release|x64.ActiveCfg = Release|Any CPU
		{47A129F8-464E-4EA0-BDEB-FCCCB4A41E68}.Release|x64.Build.0 = Release|Any CPU
		{47A129F8-464E-4EA0-BDEB-FCCCB4A41E68}.Release|x86.ActiveCfg = Release|Any CPU
		{47A129F8-464E-4EA0-BDEB-FCCCB4A41E68}.Release|x86.Build.0 = Release|Any CPU
		{6EE996B1-2A06-4D45-AE49-DC305C28FA48}.Debug|Any CPU.ActiveCfg = Debug|Any CPU
		{6EE996B1-2A06-4D45-AE49-DC305C28FA48}.Debug|Any CPU.Build.0 = Debug|Any CPU
		{6EE996B1-2A06-4D45-AE49-DC305C28FA48}.Debug|x64.ActiveCfg = Debug|Any CPU
		{6EE996B1-2A06-4D45-AE49-DC305C28FA48}.Debug|x64.Build.0 = Debug|Any CPU
		{6EE996B1-2A06-4D45-AE49-DC305C28FA48}.Debug|x86.ActiveCfg = Debug|Any CPU
		{6EE996B1-2A06-4D45-AE49-DC305C28FA48}.Debug|x86.Build.0 = Debug|Any CPU
		{6EE996B1-2A06-4D45-AE49-DC305C28FA48}.Release|Any CPU.ActiveCfg = Release|Any CPU
		{6EE996B1-2A06-4D45-AE49-DC305C28FA48}.Release|Any CPU.Build.0 = Release|Any CPU
		{6EE996B1-2A06-4D45-AE49-DC305C28FA48}.Release|x64.ActiveCfg = Release|Any CPU
		{6EE996B1-2A06-4D45-AE49-DC305C28FA48}.Release|x64.Build.0 = Release|Any CPU
		{6EE996B1-2A06-4D45-AE49-DC305C28FA48}.Release|x86.ActiveCfg = Release|Any CPU
		{6EE996B1-2A06-4D45-AE49-DC305C28FA48}.Release|x86.Build.0 = Release|Any CPU
		{88F73062-CEB8-4886-B9EB-5C34808F63AE}.Debug|Any CPU.ActiveCfg = Debug|Any CPU
		{88F73062-CEB8-4886-B9EB-5C34808F63AE}.Debug|Any CPU.Build.0 = Debug|Any CPU
		{88F73062-CEB8-4886-B9EB-5C34808F63AE}.Debug|x64.ActiveCfg = Debug|Any CPU
		{88F73062-CEB8-4886-B9EB-5C34808F63AE}.Debug|x64.Build.0 = Debug|Any CPU
		{88F73062-CEB8-4886-B9EB-5C34808F63AE}.Debug|x86.ActiveCfg = Debug|Any CPU
		{88F73062-CEB8-4886-B9EB-5C34808F63AE}.Debug|x86.Build.0 = Debug|Any CPU
		{88F73062-CEB8-4886-B9EB-5C34808F63AE}.Release|Any CPU.ActiveCfg = Release|Any CPU
		{88F73062-CEB8-4886-B9EB-5C34808F63AE}.Release|Any CPU.Build.0 = Release|Any CPU
		{88F73062-CEB8-4886-B9EB-5C34808F63AE}.Release|x64.ActiveCfg = Release|Any CPU
		{88F73062-CEB8-4886-B9EB-5C34808F63AE}.Release|x64.Build.0 = Release|Any CPU
		{88F73062-CEB8-4886-B9EB-5C34808F63AE}.Release|x86.ActiveCfg = Release|Any CPU
		{88F73062-CEB8-4886-B9EB-5C34808F63AE}.Release|x86.Build.0 = Release|Any CPU
		{54A28BBD-4581-4FAB-A59F-D6462270F811}.Debug|Any CPU.ActiveCfg = Debug|Any CPU
		{54A28BBD-4581-4FAB-A59F-D6462270F811}.Debug|Any CPU.Build.0 = Debug|Any CPU
		{54A28BBD-4581-4FAB-A59F-D6462270F811}.Debug|x64.ActiveCfg = Debug|Any CPU
		{54A28BBD-4581-4FAB-A59F-D6462270F811}.Debug|x64.Build.0 = Debug|Any CPU
		{54A28BBD-4581-4FAB-A59F-D6462270F811}.Debug|x86.ActiveCfg = Debug|Any CPU
		{54A28BBD-4581-4FAB-A59F-D6462270F811}.Debug|x86.Build.0 = Debug|Any CPU
		{54A28BBD-4581-4FAB-A59F-D6462270F811}.Release|Any CPU.ActiveCfg = Release|Any CPU
		{54A28BBD-4581-4FAB-A59F-D6462270F811}.Release|Any CPU.Build.0 = Release|Any CPU
		{54A28BBD-4581-4FAB-A59F-D6462270F811}.Release|x64.ActiveCfg = Release|Any CPU
		{54A28BBD-4581-4FAB-A59F-D6462270F811}.Release|x64.Build.0 = Release|Any CPU
		{54A28BBD-4581-4FAB-A59F-D6462270F811}.Release|x86.ActiveCfg = Release|Any CPU
		{54A28BBD-4581-4FAB-A59F-D6462270F811}.Release|x86.Build.0 = Release|Any CPU
		{699025FD-F5EB-457F-A99C-4170590D8AED}.Debug|Any CPU.ActiveCfg = Debug|Any CPU
		{699025FD-F5EB-457F-A99C-4170590D8AED}.Debug|Any CPU.Build.0 = Debug|Any CPU
		{699025FD-F5EB-457F-A99C-4170590D8AED}.Debug|x64.ActiveCfg = Debug|Any CPU
		{699025FD-F5EB-457F-A99C-4170590D8AED}.Debug|x64.Build.0 = Debug|Any CPU
		{699025FD-F5EB-457F-A99C-4170590D8AED}.Debug|x86.ActiveCfg = Debug|Any CPU
		{699025FD-F5EB-457F-A99C-4170590D8AED}.Debug|x86.Build.0 = Debug|Any CPU
		{699025FD-F5EB-457F-A99C-4170590D8AED}.Release|Any CPU.ActiveCfg = Release|Any CPU
		{699025FD-F5EB-457F-A99C-4170590D8AED}.Release|Any CPU.Build.0 = Release|Any CPU
		{699025FD-F5EB-457F-A99C-4170590D8AED}.Release|x64.ActiveCfg = Release|Any CPU
		{699025FD-F5EB-457F-A99C-4170590D8AED}.Release|x64.Build.0 = Release|Any CPU
		{699025FD-F5EB-457F-A99C-4170590D8AED}.Release|x86.ActiveCfg = Release|Any CPU
		{699025FD-F5EB-457F-A99C-4170590D8AED}.Release|x86.Build.0 = Release|Any CPU
		{8F9AB37D-0735-4E78-BAFB-3EF73EDE80E7}.Debug|Any CPU.ActiveCfg = Debug|Any CPU
		{8F9AB37D-0735-4E78-BAFB-3EF73EDE80E7}.Debug|Any CPU.Build.0 = Debug|Any CPU
		{8F9AB37D-0735-4E78-BAFB-3EF73EDE80E7}.Debug|x64.ActiveCfg = Debug|Any CPU
		{8F9AB37D-0735-4E78-BAFB-3EF73EDE80E7}.Debug|x64.Build.0 = Debug|Any CPU
		{8F9AB37D-0735-4E78-BAFB-3EF73EDE80E7}.Debug|x86.ActiveCfg = Debug|Any CPU
		{8F9AB37D-0735-4E78-BAFB-3EF73EDE80E7}.Debug|x86.Build.0 = Debug|Any CPU
		{8F9AB37D-0735-4E78-BAFB-3EF73EDE80E7}.Release|Any CPU.ActiveCfg = Release|Any CPU
		{8F9AB37D-0735-4E78-BAFB-3EF73EDE80E7}.Release|Any CPU.Build.0 = Release|Any CPU
		{8F9AB37D-0735-4E78-BAFB-3EF73EDE80E7}.Release|x64.ActiveCfg = Release|Any CPU
		{8F9AB37D-0735-4E78-BAFB-3EF73EDE80E7}.Release|x64.Build.0 = Release|Any CPU
		{8F9AB37D-0735-4E78-BAFB-3EF73EDE80E7}.Release|x86.ActiveCfg = Release|Any CPU
		{8F9AB37D-0735-4E78-BAFB-3EF73EDE80E7}.Release|x86.Build.0 = Release|Any CPU
		{94C5B8B9-16E3-4FF4-B453-68150C12C81D}.Debug|Any CPU.ActiveCfg = Debug|Any CPU
		{94C5B8B9-16E3-4FF4-B453-68150C12C81D}.Debug|Any CPU.Build.0 = Debug|Any CPU
		{94C5B8B9-16E3-4FF4-B453-68150C12C81D}.Debug|x64.ActiveCfg = Debug|Any CPU
		{94C5B8B9-16E3-4FF4-B453-68150C12C81D}.Debug|x64.Build.0 = Debug|Any CPU
		{94C5B8B9-16E3-4FF4-B453-68150C12C81D}.Debug|x86.ActiveCfg = Debug|Any CPU
		{94C5B8B9-16E3-4FF4-B453-68150C12C81D}.Debug|x86.Build.0 = Debug|Any CPU
		{94C5B8B9-16E3-4FF4-B453-68150C12C81D}.Release|Any CPU.ActiveCfg = Release|Any CPU
		{94C5B8B9-16E3-4FF4-B453-68150C12C81D}.Release|Any CPU.Build.0 = Release|Any CPU
		{94C5B8B9-16E3-4FF4-B453-68150C12C81D}.Release|x64.ActiveCfg = Release|Any CPU
		{94C5B8B9-16E3-4FF4-B453-68150C12C81D}.Release|x64.Build.0 = Release|Any CPU
		{94C5B8B9-16E3-4FF4-B453-68150C12C81D}.Release|x86.ActiveCfg = Release|Any CPU
		{94C5B8B9-16E3-4FF4-B453-68150C12C81D}.Release|x86.Build.0 = Release|Any CPU
	EndGlobalSection
	GlobalSection(SolutionProperties) = preSolution
		HideSolutionNode = FALSE
	EndGlobalSection
	GlobalSection(NestedProjects) = preSolution
		{83AE265D-9459-9163-A27E-A50CDA92A54D} = {827E0CD3-B72D-47B6-A68D-7590B98EB39B}
		{13D2B465-A242-FF76-2C30-D814A6782D15} = {827E0CD3-B72D-47B6-A68D-7590B98EB39B}
		{1F377B66-D7B8-4438-AB5B-7405ECADB6EA} = {13D2B465-A242-FF76-2C30-D814A6782D15}
		{92CED838-3363-CF0B-342A-625DC841CA7D} = {0AB3BF05-4346-4AA6-1389-037BE0695223}
		{1DE065BA-E1AF-4D1D-BB98-FBEA12981919} = {92CED838-3363-CF0B-342A-625DC841CA7D}
		{2686533C-2934-4AD5-85ED-96263B399F66} = {0AB3BF05-4346-4AA6-1389-037BE0695223}
		{8BE56B4D-B8C4-4F3F-6DA4-D3D8537CFF0B} = {827E0CD3-B72D-47B6-A68D-7590B98EB39B}
		{B9B26D30-0278-407C-8863-5499A4EBE466} = {8BE56B4D-B8C4-4F3F-6DA4-D3D8537CFF0B}
		{70E65890-0144-8D95-5C0C-BA429F41C73A} = {827E0CD3-B72D-47B6-A68D-7590B98EB39B}
		{25DE5B9B-464D-4893-98B0-3C7826DE99E2} = {70E65890-0144-8D95-5C0C-BA429F41C73A}
		{37BDF37C-1C15-48E9-A986-523D0F85ABC3} = {0AB3BF05-4346-4AA6-1389-037BE0695223}
		{FA86982B-ECE9-C617-B151-8DEE7FCF49E0} = {0AB3BF05-4346-4AA6-1389-037BE0695223}
		{47A129F8-464E-4EA0-BDEB-FCCCB4A41E68} = {FA86982B-ECE9-C617-B151-8DEE7FCF49E0}
		{6EE996B1-2A06-4D45-AE49-DC305C28FA48} = {1D587995-D2B1-D47C-23B4-E8E972FA15E9}
		{343224AD-B156-E81A-DB90-2C896362DF49} = {827E0CD3-B72D-47B6-A68D-7590B98EB39B}
		{88F73062-CEB8-4886-B9EB-5C34808F63AE} = {343224AD-B156-E81A-DB90-2C896362DF49}
		{54A28BBD-4581-4FAB-A59F-D6462270F811} = {0AB3BF05-4346-4AA6-1389-037BE0695223}
		{699025FD-F5EB-457F-A99C-4170590D8AED} = {827E0CD3-B72D-47B6-A68D-7590B98EB39B}
		{DFB9E54A-589E-BC85-2E6B-BA0215427542} = {F810A94A-2D4C-AF00-250D-C2F01644971D}
		{8F9AB37D-0735-4E78-BAFB-3EF73EDE80E7} = {DFB9E54A-589E-BC85-2E6B-BA0215427542}
		{94C5B8B9-16E3-4FF4-B453-68150C12C81D} = {0AB3BF05-4346-4AA6-1389-037BE0695223}
	EndGlobalSection
	GlobalSection(ExtensibilityGlobals) = postSolution
		SolutionGuid = {31A20680-EDCA-4DBB-BA5F-0B8B8670BCEC}
	EndGlobalSection
EndGlobal
