
Microsoft Visual Studio Solution File, Format Version 12.00
# Visual Studio Version 17
VisualStudioVersion = 17.0.31903.59
MinimumVisualStudioVersion = 10.0.40219.1
Project("{FAE04EC0-301F-11D3-BF4B-00C04F79EFBC}") = "AchieveAi.LmDotnetTools.AgUi.DataObjects", "AchieveAi.LmDotnetTools.AgUi.DataObjects\AchieveAi.LmDotnetTools.AgUi.DataObjects.csproj", "{103FA009-7C7A-4E74-932B-71405F871B0D}"
EndProject
Project("{FAE04EC0-301F-11D3-BF4B-00C04F79EFBC}") = "AchieveAi.LmDotnetTools.AgUi.Protocol", "AchieveAi.LmDotnetTools.AgUi.Protocol\AchieveAi.LmDotnetTools.AgUi.Protocol.csproj", "{1F605DCF-9D51-485E-9D44-C33EC3FEC961}"
EndProject
Project("{FAE04EC0-301F-11D3-BF4B-00C04F79EFBC}") = "AchieveAi.LmDotnetTools.LmCore", "..\LmCore\AchieveAi.LmDotnetTools.LmCore.csproj", "{EBA6E839-4A6B-4357-8ADB-220D2662BEA0}"
EndProject
Project("{FAE04EC0-301F-11D3-BF4B-00C04F79EFBC}") = "AchieveAi.LmDotnetTools.AgUi.AspNetCore", "AchieveAi.LmDotnetTools.AgUi.AspNetCore\AchieveAi.LmDotnetTools.AgUi.AspNetCore.csproj", "{DABB88E5-7E31-4F10-BEA2-C46D8452EB09}"
EndProject
Project("{FAE04EC0-301F-11D3-BF4B-00C04F79EFBC}") = "AchieveAi.LmDotnetTools.AgUi.Sample", "AchieveAi.LmDotnetTools.AgUi.Sample\AchieveAi.LmDotnetTools.AgUi.Sample.csproj", "{63ED6F37-1733-4BB5-A8DD-6459D07D951B}"
EndProject
Global
	GlobalSection(SolutionConfigurationPlatforms) = preSolution
		Debug|Any CPU = Debug|Any CPU
		Debug|x64 = Debug|x64
		Debug|x86 = Debug|x86
		Release|Any CPU = Release|Any CPU
		Release|x64 = Release|x64
		Release|x86 = Release|x86
	EndGlobalSection
	GlobalSection(ProjectConfigurationPlatforms) = postSolution
		{103FA009-7C7A-4E74-932B-71405F871B0D}.Debug|Any CPU.ActiveCfg = Debug|Any CPU
		{103FA009-7C7A-4E74-932B-71405F871B0D}.Debug|Any CPU.Build.0 = Debug|Any CPU
		{103FA009-7C7A-4E74-932B-71405F871B0D}.Debug|x64.ActiveCfg = Debug|Any CPU
		{103FA009-7C7A-4E74-932B-71405F871B0D}.Debug|x64.Build.0 = Debug|Any CPU
		{103FA009-7C7A-4E74-932B-71405F871B0D}.Debug|x86.ActiveCfg = Debug|Any CPU
		{103FA009-7C7A-4E74-932B-71405F871B0D}.Debug|x86.Build.0 = Debug|Any CPU
		{103FA009-7C7A-4E74-932B-71405F871B0D}.Release|Any CPU.ActiveCfg = Release|Any CPU
		{103FA009-7C7A-4E74-932B-71405F871B0D}.Release|Any CPU.Build.0 = Release|Any CPU
		{103FA009-7C7A-4E74-932B-71405F871B0D}.Release|x64.ActiveCfg = Release|Any CPU
		{103FA009-7C7A-4E74-932B-71405F871B0D}.Release|x64.Build.0 = Release|Any CPU
		{103FA009-7C7A-4E74-932B-71405F871B0D}.Release|x86.ActiveCfg = Release|Any CPU
		{103FA009-7C7A-4E74-932B-71405F871B0D}.Release|x86.Build.0 = Release|Any CPU
		{1F605DCF-9D51-485E-9D44-C33EC3FEC961}.Debug|Any CPU.ActiveCfg = Debug|Any CPU
		{1F605DCF-9D51-485E-9D44-C33EC3FEC961}.Debug|Any CPU.Build.0 = Debug|Any CPU
		{1F605DCF-9D51-485E-9D44-C33EC3FEC961}.Debug|x64.ActiveCfg = Debug|Any CPU
		{1F605DCF-9D51-485E-9D44-C33EC3FEC961}.Debug|x64.Build.0 = Debug|Any CPU
		{1F605DCF-9D51-485E-9D44-C33EC3FEC961}.Debug|x86.ActiveCfg = Debug|Any CPU
		{1F605DCF-9D51-485E-9D44-C33EC3FEC961}.Debug|x86.Build.0 = Debug|Any CPU
		{1F605DCF-9D51-485E-9D44-C33EC3FEC961}.Release|Any CPU.ActiveCfg = Release|Any CPU
		{1F605DCF-9D51-485E-9D44-C33EC3FEC961}.Release|Any CPU.Build.0 = Release|Any CPU
		{1F605DCF-9D51-485E-9D44-C33EC3FEC961}.Release|x64.ActiveCfg = Release|Any CPU
		{1F605DCF-9D51-485E-9D44-C33EC3FEC961}.Release|x64.Build.0 = Release|Any CPU
		{1F605DCF-9D51-485E-9D44-C33EC3FEC961}.Release|x86.ActiveCfg = Release|Any CPU
		{1F605DCF-9D51-485E-9D44-C33EC3FEC961}.Release|x86.Build.0 = Release|Any CPU
		{EBA6E839-4A6B-4357-8ADB-220D2662BEA0}.Debug|Any CPU.ActiveCfg = Debug|Any CPU
		{EBA6E839-4A6B-4357-8ADB-220D2662BEA0}.Debug|Any CPU.Build.0 = Debug|Any CPU
		{EBA6E839-4A6B-4357-8ADB-220D2662BEA0}.Debug|x64.ActiveCfg = Debug|Any CPU
		{EBA6E839-4A6B-4357-8ADB-220D2662BEA0}.Debug|x64.Build.0 = Debug|Any CPU
		{EBA6E839-4A6B-4357-8ADB-220D2662BEA0}.Debug|x86.ActiveCfg = Debug|Any CPU
		{EBA6E839-4A6B-4357-8ADB-220D2662BEA0}.Debug|x86.Build.0 = Debug|Any CPU
		{EBA6E839-4A6B-4357-8ADB-220D2662BEA0}.Release|Any CPU.ActiveCfg = Release|Any CPU
		{EBA6E839-4A6B-4357-8ADB-220D2662BEA0}.Release|Any CPU.Build.0 = Release|Any CPU
		{EBA6E839-4A6B-4357-8ADB-220D2662BEA0}.Release|x64.ActiveCfg = Release|Any CPU
		{EBA6E839-4A6B-4357-8ADB-220D2662BEA0}.Release|x64.Build.0 = Release|Any CPU
		{EBA6E839-4A6B-4357-8ADB-220D2662BEA0}.Release|x86.ActiveCfg = Release|Any CPU
		{EBA6E839-4A6B-4357-8ADB-220D2662BEA0}.Release|x86.Build.0 = Release|Any CPU
		{DABB88E5-7E31-4F10-BEA2-C46D8452EB09}.Debug|Any CPU.ActiveCfg = Debug|Any CPU
		{DABB88E5-7E31-4F10-BEA2-C46D8452EB09}.Debug|Any CPU.Build.0 = Debug|Any CPU
		{DABB88E5-7E31-4F10-BEA2-C46D8452EB09}.Debug|x64.ActiveCfg = Debug|Any CPU
		{DABB88E5-7E31-4F10-BEA2-C46D8452EB09}.Debug|x64.Build.0 = Debug|Any CPU
		{DABB88E5-7E31-4F10-BEA2-C46D8452EB09}.Debug|x86.ActiveCfg = Debug|Any CPU
		{DABB88E5-7E31-4F10-BEA2-C46D8452EB09}.Debug|x86.Build.0 = Debug|Any CPU
		{DABB88E5-7E31-4F10-BEA2-C46D8452EB09}.Release|Any CPU.ActiveCfg = Release|Any CPU
		{DABB88E5-7E31-4F10-BEA2-C46D8452EB09}.Release|Any CPU.Build.0 = Release|Any CPU
		{DABB88E5-7E31-4F10-BEA2-C46D8452EB09}.Release|x64.ActiveCfg = Release|Any CPU
		{DABB88E5-7E31-4F10-BEA2-C46D8452EB09}.Release|x64.Build.0 = Release|Any CPU
		{DABB88E5-7E31-4F10-BEA2-C46D8452EB09}.Release|x86.ActiveCfg = Release|Any CPU
		{DABB88E5-7E31-4F10-BEA2-C46D8452EB09}.Release|x86.Build.0 = Release|Any CPU
		{63ED6F37-1733-4BB5-A8DD-6459D07D951B}.Debug|Any CPU.ActiveCfg = Debug|Any CPU
		{63ED6F37-1733-4BB5-A8DD-6459D07D951B}.Debug|Any CPU.Build.0 = Debug|Any CPU
		{63ED6F37-1733-4BB5-A8DD-6459D07D951B}.Debug|x64.ActiveCfg = Debug|Any CPU
		{63ED6F37-1733-4BB5-A8DD-6459D07D951B}.Debug|x64.Build.0 = Debug|Any CPU
		{63ED6F37-1733-4BB5-A8DD-6459D07D951B}.Debug|x86.ActiveCfg = Debug|Any CPU
		{63ED6F37-1733-4BB5-A8DD-6459D07D951B}.Debug|x86.Build.0 = Debug|Any CPU
		{63ED6F37-1733-4BB5-A8DD-6459D07D951B}.Release|Any CPU.ActiveCfg = Release|Any CPU
		{63ED6F37-1733-4BB5-A8DD-6459D07D951B}.Release|Any CPU.Build.0 = Release|Any CPU
		{63ED6F37-1733-4BB5-A8DD-6459D07D951B}.Release|x64.ActiveCfg = Release|Any CPU
		{63ED6F37-1733-4BB5-A8DD-6459D07D951B}.Release|x64.Build.0 = Release|Any CPU
		{63ED6F37-1733-4BB5-A8DD-6459D07D951B}.Release|x86.ActiveCfg = Release|Any CPU
		{63ED6F37-1733-4BB5-A8DD-6459D07D951B}.Release|x86.Build.0 = Release|Any CPU
	EndGlobalSection
	GlobalSection(SolutionProperties) = preSolution
		HideSolutionNode = FALSE
	EndGlobalSection
EndGlobal
